// !$*UTF8*$!
{
	archiveVersion = 1;
	classes = {
	};
	objectVersion = 55;
	objects = {

/* Begin PBXBuildFile section */
		BB0F7515281C3FE500C2F80C /* Uitilities.swift in Sources */ = {isa = PBXBuildFile; fileRef = BB0F7514281C3FE500C2F80C /* Uitilities.swift */; };
		BB0F751F281C4B0000C2F80C /* Font.swift in Sources */ = {isa = PBXBuildFile; fileRef = BB0F751E281C4B0000C2F80C /* Font.swift */; };
		BB0F752D281C520F00C2F80C /* gotham-bold.otf in Resources */ = {isa = PBXBuildFile; fileRef = BB0F7529281C520F00C2F80C /* gotham-bold.otf */; };
		BB0F752E281C520F00C2F80C /* gotham-italic.otf in Resources */ = {isa = PBXBuildFile; fileRef = BB0F752A281C520F00C2F80C /* gotham-italic.otf */; };
		BB0F752F281C520F00C2F80C /* gotham-regular.otf in Resources */ = {isa = PBXBuildFile; fileRef = BB0F752B281C520F00C2F80C /* gotham-regular.otf */; };
		BB4E0E5D28197E7500DD56B7 /* AppDelegate.swift in Sources */ = {isa = PBXBuildFile; fileRef = BB4E0E5C28197E7500DD56B7 /* AppDelegate.swift */; };
		BB4E0E5F28197E7500DD56B7 /* SceneDelegate.swift in Sources */ = {isa = PBXBuildFile; fileRef = BB4E0E5E28197E7500DD56B7 /* SceneDelegate.swift */; };
		BB4E0E6628197E7700DD56B7 /* Assets.xcassets in Resources */ = {isa = PBXBuildFile; fileRef = BB4E0E6528197E7700DD56B7 /* Assets.xcassets */; };
		BB4E0E6928197E7700DD56B7 /* LaunchScreen.storyboard in Resources */ = {isa = PBXBuildFile; fileRef = BB4E0E6728197E7700DD56B7 /* LaunchScreen.storyboard */; };
		BB4E0E762819800700DD56B7 /* AuthenticationViewController.swift in Sources */ = {isa = PBXBuildFile; fileRef = BB4E0E742819800700DD56B7 /* AuthenticationViewController.swift */; };
		BB4E0E772819800700DD56B7 /* AuthenticationViewController.xib in Resources */ = {isa = PBXBuildFile; fileRef = BB4E0E752819800700DD56B7 /* AuthenticationViewController.xib */; };
		BB4E0E7A2819849A00DD56B7 /* SpotifyButton.swift in Sources */ = {isa = PBXBuildFile; fileRef = BB4E0E792819849A00DD56B7 /* SpotifyButton.swift */; };
		BB4E0E7E2819A39600DD56B7 /* Colors.swift in Sources */ = {isa = PBXBuildFile; fileRef = BB4E0E7D2819A39600DD56B7 /* Colors.swift */; };
		BB564895283E7F08005ACD2A /* RecentlyListenItemUiModel.swift in Sources */ = {isa = PBXBuildFile; fileRef = BB564894283E7F08005ACD2A /* RecentlyListenItemUiModel.swift */; };
		BB564899283E8244005ACD2A /* RecentListenCollectionViewCell.swift in Sources */ = {isa = PBXBuildFile; fileRef = BB564897283E8244005ACD2A /* RecentListenCollectionViewCell.swift */; };
		BB56489A283E8244005ACD2A /* RecentListenCollectionViewCell.xib in Resources */ = {isa = PBXBuildFile; fileRef = BB564898283E8244005ACD2A /* RecentListenCollectionViewCell.xib */; };
		BB8E9B6E2827AA2B00799943 /* MainViewController.swift in Sources */ = {isa = PBXBuildFile; fileRef = BB8E9B6C2827AA2B00799943 /* MainViewController.swift */; };
		BB8E9B6F2827AA2B00799943 /* MainViewController.xib in Resources */ = {isa = PBXBuildFile; fileRef = BB8E9B6D2827AA2B00799943 /* MainViewController.xib */; };
		BB8E9B722827AACE00799943 /* HomeViewController.swift in Sources */ = {isa = PBXBuildFile; fileRef = BB8E9B702827AACE00799943 /* HomeViewController.swift */; };
		BB8E9B732827AACE00799943 /* HomeViewController.xib in Resources */ = {isa = PBXBuildFile; fileRef = BB8E9B712827AACE00799943 /* HomeViewController.xib */; };
		BB8E9B762827AAF800799943 /* SearchViewController.swift in Sources */ = {isa = PBXBuildFile; fileRef = BB8E9B742827AAF800799943 /* SearchViewController.swift */; };
		BB8E9B772827AAF800799943 /* SearchViewController.xib in Resources */ = {isa = PBXBuildFile; fileRef = BB8E9B752827AAF800799943 /* SearchViewController.xib */; };
		BB8E9B7A2827AE3100799943 /* LibraryViewController.swift in Sources */ = {isa = PBXBuildFile; fileRef = BB8E9B782827AE3100799943 /* LibraryViewController.swift */; };
		BB8E9B7B2827AE3100799943 /* LibraryViewController.xib in Resources */ = {isa = PBXBuildFile; fileRef = BB8E9B792827AE3100799943 /* LibraryViewController.xib */; };
		BB8E9B7E2827B90500799943 /* UINavigationControllerExtensions.swift in Sources */ = {isa = PBXBuildFile; fileRef = BB8E9B7D2827B90500799943 /* UINavigationControllerExtensions.swift */; };
		BB95F1BD2830D4CE00BC0A93 /* SpotifyTabBar.swift in Sources */ = {isa = PBXBuildFile; fileRef = BB95F1BC2830D4CE00BC0A93 /* SpotifyTabBar.swift */; };
		BB95F1C22830D75600BC0A93 /* TabItem.swift in Sources */ = {isa = PBXBuildFile; fileRef = BB95F1C12830D75600BC0A93 /* TabItem.swift */; };
		BB95F1C82830FCF500BC0A93 /* SpotifyTabBarItem.swift in Sources */ = {isa = PBXBuildFile; fileRef = BB95F1C72830FCF500BC0A93 /* SpotifyTabBarItem.swift */; };
		BB95F1CC2830FFF800BC0A93 /* NibLoading.swift in Sources */ = {isa = PBXBuildFile; fileRef = BB95F1CB2830FFF800BC0A93 /* NibLoading.swift */; };
		BB95F1CE28310A4800BC0A93 /* SpotifyTabBarItem.xib in Resources */ = {isa = PBXBuildFile; fileRef = BB95F1CD28310A4800BC0A93 /* SpotifyTabBarItem.xib */; };
		BBC56979281EFB4D007D1A0D /* RxBlocking in Frameworks */ = {isa = PBXBuildFile; productRef = BBC56978281EFB4D007D1A0D /* RxBlocking */; };
		BBC5697B281EFB4D007D1A0D /* RxCocoa in Frameworks */ = {isa = PBXBuildFile; productRef = BBC5697A281EFB4D007D1A0D /* RxCocoa */; };
		BBC5697D281EFB4D007D1A0D /* RxRelay in Frameworks */ = {isa = PBXBuildFile; productRef = BBC5697C281EFB4D007D1A0D /* RxRelay */; };
		BBC5697F281EFB4D007D1A0D /* RxSwift in Frameworks */ = {isa = PBXBuildFile; productRef = BBC5697E281EFB4D007D1A0D /* RxSwift */; };
		BBE484DE282BFAD2006FA93D /* BaseViewController.swift in Sources */ = {isa = PBXBuildFile; fileRef = BBE484DD282BFAD2006FA93D /* BaseViewController.swift */; };
		BBE484E0282BFB5F006FA93D /* UIColorExtensions.swift in Sources */ = {isa = PBXBuildFile; fileRef = BBE484DF282BFB5F006FA93D /* UIColorExtensions.swift */; };
/* End PBXBuildFile section */

/* Begin PBXFileReference section */
		BB0F7514281C3FE500C2F80C /* Uitilities.swift */ = {isa = PBXFileReference; lastKnownFileType = sourcecode.swift; path = Uitilities.swift; sourceTree = "<group>"; };
		BB0F751E281C4B0000C2F80C /* Font.swift */ = {isa = PBXFileReference; lastKnownFileType = sourcecode.swift; path = Font.swift; sourceTree = "<group>"; };
		BB0F7529281C520F00C2F80C /* gotham-bold.otf */ = {isa = PBXFileReference; lastKnownFileType = file; path = "gotham-bold.otf"; sourceTree = "<group>"; };
		BB0F752A281C520F00C2F80C /* gotham-italic.otf */ = {isa = PBXFileReference; lastKnownFileType = file; path = "gotham-italic.otf"; sourceTree = "<group>"; };
		BB0F752B281C520F00C2F80C /* gotham-regular.otf */ = {isa = PBXFileReference; lastKnownFileType = file; path = "gotham-regular.otf"; sourceTree = "<group>"; };
		BB4E0E5928197E7500DD56B7 /* SpotifyUIClone.app */ = {isa = PBXFileReference; explicitFileType = wrapper.application; includeInIndex = 0; path = SpotifyUIClone.app; sourceTree = BUILT_PRODUCTS_DIR; };
		BB4E0E5C28197E7500DD56B7 /* AppDelegate.swift */ = {isa = PBXFileReference; lastKnownFileType = sourcecode.swift; path = AppDelegate.swift; sourceTree = "<group>"; };
		BB4E0E5E28197E7500DD56B7 /* SceneDelegate.swift */ = {isa = PBXFileReference; lastKnownFileType = sourcecode.swift; path = SceneDelegate.swift; sourceTree = "<group>"; };
		BB4E0E6528197E7700DD56B7 /* Assets.xcassets */ = {isa = PBXFileReference; lastKnownFileType = folder.assetcatalog; path = Assets.xcassets; sourceTree = "<group>"; };
		BB4E0E6828197E7700DD56B7 /* Base */ = {isa = PBXFileReference; lastKnownFileType = file.storyboard; name = Base; path = Base.lproj/LaunchScreen.storyboard; sourceTree = "<group>"; };
		BB4E0E6A28197E7700DD56B7 /* Info.plist */ = {isa = PBXFileReference; lastKnownFileType = text.plist.xml; path = Info.plist; sourceTree = "<group>"; };
		BB4E0E742819800700DD56B7 /* AuthenticationViewController.swift */ = {isa = PBXFileReference; lastKnownFileType = sourcecode.swift; path = AuthenticationViewController.swift; sourceTree = "<group>"; };
		BB4E0E752819800700DD56B7 /* AuthenticationViewController.xib */ = {isa = PBXFileReference; lastKnownFileType = file.xib; path = AuthenticationViewController.xib; sourceTree = "<group>"; };
		BB4E0E792819849A00DD56B7 /* SpotifyButton.swift */ = {isa = PBXFileReference; lastKnownFileType = sourcecode.swift; path = SpotifyButton.swift; sourceTree = "<group>"; };
		BB4E0E7D2819A39600DD56B7 /* Colors.swift */ = {isa = PBXFileReference; lastKnownFileType = sourcecode.swift; path = Colors.swift; sourceTree = "<group>"; };
		BB564894283E7F08005ACD2A /* RecentlyListenItemUiModel.swift */ = {isa = PBXFileReference; lastKnownFileType = sourcecode.swift; path = RecentlyListenItemUiModel.swift; sourceTree = "<group>"; };
		BB564897283E8244005ACD2A /* RecentListenCollectionViewCell.swift */ = {isa = PBXFileReference; lastKnownFileType = sourcecode.swift; name = RecentListenCollectionViewCell.swift; path = SpotifyUIClone/Controllers/Main/Home/RecentListenCollectionViewCell/RecentListenCollectionViewCell.swift; sourceTree = SOURCE_ROOT; };
		BB564898283E8244005ACD2A /* RecentListenCollectionViewCell.xib */ = {isa = PBXFileReference; lastKnownFileType = file.xib; name = RecentListenCollectionViewCell.xib; path = SpotifyUIClone/Controllers/Main/Home/RecentListenCollectionViewCell/RecentListenCollectionViewCell.xib; sourceTree = SOURCE_ROOT; };
		BB8E9B6C2827AA2B00799943 /* MainViewController.swift */ = {isa = PBXFileReference; lastKnownFileType = sourcecode.swift; path = MainViewController.swift; sourceTree = "<group>"; };
		BB8E9B6D2827AA2B00799943 /* MainViewController.xib */ = {isa = PBXFileReference; lastKnownFileType = file.xib; path = MainViewController.xib; sourceTree = "<group>"; };
		BB8E9B702827AACE00799943 /* HomeViewController.swift */ = {isa = PBXFileReference; lastKnownFileType = sourcecode.swift; path = HomeViewController.swift; sourceTree = "<group>"; };
		BB8E9B712827AACE00799943 /* HomeViewController.xib */ = {isa = PBXFileReference; lastKnownFileType = file.xib; path = HomeViewController.xib; sourceTree = "<group>"; };
		BB8E9B742827AAF800799943 /* SearchViewController.swift */ = {isa = PBXFileReference; lastKnownFileType = sourcecode.swift; path = SearchViewController.swift; sourceTree = "<group>"; };
		BB8E9B752827AAF800799943 /* SearchViewController.xib */ = {isa = PBXFileReference; lastKnownFileType = file.xib; path = SearchViewController.xib; sourceTree = "<group>"; };
		BB8E9B782827AE3100799943 /* LibraryViewController.swift */ = {isa = PBXFileReference; lastKnownFileType = sourcecode.swift; name = LibraryViewController.swift; path = SpotifyUIClone/Controllers/Main/Search/LibraryViewController.swift; sourceTree = SOURCE_ROOT; };
		BB8E9B792827AE3100799943 /* LibraryViewController.xib */ = {isa = PBXFileReference; lastKnownFileType = file.xib; name = LibraryViewController.xib; path = SpotifyUIClone/Controllers/Main/Search/LibraryViewController.xib; sourceTree = SOURCE_ROOT; };
		BB8E9B7D2827B90500799943 /* UINavigationControllerExtensions.swift */ = {isa = PBXFileReference; lastKnownFileType = sourcecode.swift; path = UINavigationControllerExtensions.swift; sourceTree = "<group>"; };
		BB95F1BC2830D4CE00BC0A93 /* SpotifyTabBar.swift */ = {isa = PBXFileReference; lastKnownFileType = sourcecode.swift; path = SpotifyTabBar.swift; sourceTree = "<group>"; };
		BB95F1C12830D75600BC0A93 /* TabItem.swift */ = {isa = PBXFileReference; lastKnownFileType = sourcecode.swift; path = TabItem.swift; sourceTree = "<group>"; };
		BB95F1C72830FCF500BC0A93 /* SpotifyTabBarItem.swift */ = {isa = PBXFileReference; lastKnownFileType = sourcecode.swift; path = SpotifyTabBarItem.swift; sourceTree = "<group>"; };
		BB95F1CB2830FFF800BC0A93 /* NibLoading.swift */ = {isa = PBXFileReference; lastKnownFileType = sourcecode.swift; path = NibLoading.swift; sourceTree = "<group>"; };
		BB95F1CD28310A4800BC0A93 /* SpotifyTabBarItem.xib */ = {isa = PBXFileReference; lastKnownFileType = file.xib; path = SpotifyTabBarItem.xib; sourceTree = "<group>"; };
		BBC56983281EFC89007D1A0D /* XCTest.framework */ = {isa = PBXFileReference; lastKnownFileType = wrapper.framework; name = XCTest.framework; path = Platforms/iPhoneOS.platform/Developer/Library/Frameworks/XCTest.framework; sourceTree = DEVELOPER_DIR; };
		BBE484DD282BFAD2006FA93D /* BaseViewController.swift */ = {isa = PBXFileReference; lastKnownFileType = sourcecode.swift; path = BaseViewController.swift; sourceTree = "<group>"; };
		BBE484DF282BFB5F006FA93D /* UIColorExtensions.swift */ = {isa = PBXFileReference; lastKnownFileType = sourcecode.swift; path = UIColorExtensions.swift; sourceTree = "<group>"; };
/* End PBXFileReference section */

/* Begin PBXFrameworksBuildPhase section */
		BB4E0E5628197E7500DD56B7 /* Frameworks */ = {
			isa = PBXFrameworksBuildPhase;
			buildActionMask = 2147483647;
			files = (
				BBC5697D281EFB4D007D1A0D /* RxRelay in Frameworks */,
				BBC5697B281EFB4D007D1A0D /* RxCocoa in Frameworks */,
				BBC5697F281EFB4D007D1A0D /* RxSwift in Frameworks */,
				BBC56979281EFB4D007D1A0D /* RxBlocking in Frameworks */,
			);
			runOnlyForDeploymentPostprocessing = 0;
		};
/* End PBXFrameworksBuildPhase section */

/* Begin PBXGroup section */
		BB0F750A281C36C400C2F80C /* Font */ = {
			isa = PBXGroup;
			children = (
				BB0F7529281C520F00C2F80C /* gotham-bold.otf */,
				BB0F752A281C520F00C2F80C /* gotham-italic.otf */,
				BB0F752B281C520F00C2F80C /* gotham-regular.otf */,
				BB0F751E281C4B0000C2F80C /* Font.swift */,
			);
			path = Font;
			sourceTree = "<group>";
		};
		BB0F7513281C3BD600C2F80C /* Utils */ = {
			isa = PBXGroup;
			children = (
				BB0F7514281C3FE500C2F80C /* Uitilities.swift */,
			);
			path = Utils;
			sourceTree = "<group>";
		};
		BB4E0E5028197E7500DD56B7 = {
			isa = PBXGroup;
			children = (
				BB95F1CB2830FFF800BC0A93 /* NibLoading.swift */,
				BB4E0E5B28197E7500DD56B7 /* SpotifyUIClone */,
				BB4E0E5A28197E7500DD56B7 /* Products */,
				BBC56982281EFC89007D1A0D /* Frameworks */,
			);
			sourceTree = "<group>";
		};
		BB4E0E5A28197E7500DD56B7 /* Products */ = {
			isa = PBXGroup;
			children = (
				BB4E0E5928197E7500DD56B7 /* SpotifyUIClone.app */,
			);
			name = Products;
			sourceTree = "<group>";
		};
		BB4E0E5B28197E7500DD56B7 /* SpotifyUIClone */ = {
			isa = PBXGroup;
			children = (
				BB564892283E7ECF005ACD2A /* New Group */,
				BBE484DC282BFABF006FA93D /* Common */,
				BB8E9B7C2827B8EF00799943 /* Extensions */,
				BB0F750A281C36C400C2F80C /* Font */,
				BB4E0E782819847200DD56B7 /* CustomViews */,
				BB4E0E7328197F0600DD56B7 /* Models */,
				BB4E0E7228197EF100DD56B7 /* ViewModels */,
				BB4E0E7128197EBB00DD56B7 /* Controllers */,
				BB4E0E7028197EB400DD56B7 /* Views */,
				BB0F7513281C3BD600C2F80C /* Utils */,
				BB4E0E5C28197E7500DD56B7 /* AppDelegate.swift */,
				BB4E0E5E28197E7500DD56B7 /* SceneDelegate.swift */,
				BB4E0E6528197E7700DD56B7 /* Assets.xcassets */,
				BB4E0E6A28197E7700DD56B7 /* Info.plist */,
				BB4E0E7D2819A39600DD56B7 /* Colors.swift */,
			);
			path = SpotifyUIClone;
			sourceTree = "<group>";
		};
		BB4E0E7028197EB400DD56B7 /* Views */ = {
			isa = PBXGroup;
			children = (
				BB4E0E6728197E7700DD56B7 /* LaunchScreen.storyboard */,
			);
			path = Views;
			sourceTree = "<group>";
		};
		BB4E0E7128197EBB00DD56B7 /* Controllers */ = {
			isa = PBXGroup;
			children = (
				BBC56972281EF8AD007D1A0D /* Main */,
				BBC56971281EC50D007D1A0D /* Authentication */,
			);
			path = Controllers;
			sourceTree = "<group>";
		};
		BB4E0E7228197EF100DD56B7 /* ViewModels */ = {
			isa = PBXGroup;
			children = (
			);
			path = ViewModels;
			sourceTree = "<group>";
		};
		BB4E0E7328197F0600DD56B7 /* Models */ = {
			isa = PBXGroup;
			children = (
				BB564893283E7EE5005ACD2A /* UI */,
			);
			path = Models;
			sourceTree = "<group>";
		};
		BB4E0E782819847200DD56B7 /* CustomViews */ = {
			isa = PBXGroup;
			children = (
				BB95F1BE2830D54400BC0A93 /* SpotifyTabBar */,
				BB4E0E792819849A00DD56B7 /* SpotifyButton.swift */,
			);
			path = CustomViews;
			sourceTree = "<group>";
		};
		BB564892283E7ECF005ACD2A /* New Group */ = {
			isa = PBXGroup;
			children = (
			);
			path = "New Group";
			sourceTree = "<group>";
		};
		BB564893283E7EE5005ACD2A /* UI */ = {
			isa = PBXGroup;
			children = (
				BB564894283E7F08005ACD2A /* RecentlyListenItemUiModel.swift */,
			);
			path = UI;
			sourceTree = "<group>";
		};
		BB564896283E81DE005ACD2A /* RecentListenViewCell */ = {
			isa = PBXGroup;
			children = (
				BB564897283E8244005ACD2A /* RecentListenCollectionViewCell.swift */,
				BB564898283E8244005ACD2A /* RecentListenCollectionViewCell.xib */,
			);
			path = RecentListenViewCell;
			sourceTree = "<group>";
		};
		BB8E9B7C2827B8EF00799943 /* Extensions */ = {
			isa = PBXGroup;
			children = (
				BB8E9B7D2827B90500799943 /* UINavigationControllerExtensions.swift */,
				BBE484DF282BFB5F006FA93D /* UIColorExtensions.swift */,
			);
			path = Extensions;
			sourceTree = "<group>";
		};
		BB95F1BE2830D54400BC0A93 /* SpotifyTabBar */ = {
			isa = PBXGroup;
			children = (
				BB95F1BC2830D4CE00BC0A93 /* SpotifyTabBar.swift */,
				BB95F1C12830D75600BC0A93 /* TabItem.swift */,
				BB95F1C72830FCF500BC0A93 /* SpotifyTabBarItem.swift */,
				BB95F1CD28310A4800BC0A93 /* SpotifyTabBarItem.xib */,
			);
			path = SpotifyTabBar;
			sourceTree = "<group>";
		};
		BBC56971281EC50D007D1A0D /* Authentication */ = {
			isa = PBXGroup;
			children = (
				BB4E0E752819800700DD56B7 /* AuthenticationViewController.xib */,
				BB4E0E742819800700DD56B7 /* AuthenticationViewController.swift */,
			);
			path = Authentication;
			sourceTree = "<group>";
		};
		BBC56972281EF8AD007D1A0D /* Main */ = {
			isa = PBXGroup;
			children = (
				CC7A3FA8991DD1048FDDDAC9 /* Home */,
				CC7A3A4F71BCEC4C8C889726 /* Search */,
				CC7A3DA4E6345026704FA7DE /* Library */,
				BB8E9B6C2827AA2B00799943 /* MainViewController.swift */,
				BB8E9B6D2827AA2B00799943 /* MainViewController.xib */,
			);
			path = Main;
			sourceTree = "<group>";
		};
		BBC56982281EFC89007D1A0D /* Frameworks */ = {
			isa = PBXGroup;
			children = (
				BBC56983281EFC89007D1A0D /* XCTest.framework */,
			);
			name = Frameworks;
			sourceTree = "<group>";
		};
		BBE484DC282BFABF006FA93D /* Common */ = {
			isa = PBXGroup;
			children = (
				BBE484DD282BFAD2006FA93D /* BaseViewController.swift */,
			);
			path = Common;
			sourceTree = "<group>";
		};
		CC7A3A4F71BCEC4C8C889726 /* Search */ = {
			isa = PBXGroup;
			children = (
				BB8E9B742827AAF800799943 /* SearchViewController.swift */,
				BB8E9B752827AAF800799943 /* SearchViewController.xib */,
			);
			path = Search;
			sourceTree = "<group>";
		};
		CC7A3DA4E6345026704FA7DE /* Library */ = {
			isa = PBXGroup;
			children = (
				BB8E9B782827AE3100799943 /* LibraryViewController.swift */,
				BB8E9B792827AE3100799943 /* LibraryViewController.xib */,
			);
			path = Library;
			sourceTree = "<group>";
		};
		CC7A3FA8991DD1048FDDDAC9 /* Home */ = {
			isa = PBXGroup;
			children = (
				BB564896283E81DE005ACD2A /* RecentListenViewCell */,
				BB8E9B702827AACE00799943 /* HomeViewController.swift */,
				BB8E9B712827AACE00799943 /* HomeViewController.xib */,
			);
			path = Home;
			sourceTree = "<group>";
		};
/* End PBXGroup section */

/* Begin PBXNativeTarget section */
		BB4E0E5828197E7500DD56B7 /* SpotifyUIClone */ = {
			isa = PBXNativeTarget;
			buildConfigurationList = BB4E0E6D28197E7700DD56B7 /* Build configuration list for PBXNativeTarget "SpotifyUIClone" */;
			buildPhases = (
				BB4E0E5528197E7500DD56B7 /* Sources */,
				BB4E0E5628197E7500DD56B7 /* Frameworks */,
				BB4E0E5728197E7500DD56B7 /* Resources */,
			);
			buildRules = (
			);
			dependencies = (
			);
			name = SpotifyUIClone;
			packageProductDependencies = (
				BBC56978281EFB4D007D1A0D /* RxBlocking */,
				BBC5697A281EFB4D007D1A0D /* RxCocoa */,
				BBC5697C281EFB4D007D1A0D /* RxRelay */,
				BBC5697E281EFB4D007D1A0D /* RxSwift */,
			);
			productName = SpotifyUIClone;
			productReference = BB4E0E5928197E7500DD56B7 /* SpotifyUIClone.app */;
			productType = "com.apple.product-type.application";
		};
/* End PBXNativeTarget section */

/* Begin PBXProject section */
		BB4E0E5128197E7500DD56B7 /* Project object */ = {
			isa = PBXProject;
			attributes = {
				BuildIndependentTargetsInParallel = 1;
				LastSwiftUpdateCheck = 1330;
				LastUpgradeCheck = 1330;
				TargetAttributes = {
					BB4E0E5828197E7500DD56B7 = {
						CreatedOnToolsVersion = 13.3.1;
					};
				};
			};
			buildConfigurationList = BB4E0E5428197E7500DD56B7 /* Build configuration list for PBXProject "SpotifyUIClone" */;
			compatibilityVersion = "Xcode 13.0";
			developmentRegion = en;
			hasScannedForEncodings = 0;
			knownRegions = (
				en,
				Base,
			);
			mainGroup = BB4E0E5028197E7500DD56B7;
			packageReferences = (
				BBC56977281EFB4D007D1A0D /* XCRemoteSwiftPackageReference "RxSwift" */,
			);
			productRefGroup = BB4E0E5A28197E7500DD56B7 /* Products */;
			projectDirPath = "";
			projectRoot = "";
			targets = (
				BB4E0E5828197E7500DD56B7 /* SpotifyUIClone */,
			);
		};
/* End PBXProject section */

/* Begin PBXResourcesBuildPhase section */
		BB4E0E5728197E7500DD56B7 /* Resources */ = {
			isa = PBXResourcesBuildPhase;
			buildActionMask = 2147483647;
			files = (
				BB4E0E772819800700DD56B7 /* AuthenticationViewController.xib in Resources */,
				BB4E0E6928197E7700DD56B7 /* LaunchScreen.storyboard in Resources */,
				BB56489A283E8244005ACD2A /* RecentListenCollectionViewCell.xib in Resources */,
				BB0F752F281C520F00C2F80C /* gotham-regular.otf in Resources */,
				BB0F752E281C520F00C2F80C /* gotham-italic.otf in Resources */,
				BB4E0E6628197E7700DD56B7 /* Assets.xcassets in Resources */,
				BB8E9B772827AAF800799943 /* SearchViewController.xib in Resources */,
				BB8E9B7B2827AE3100799943 /* LibraryViewController.xib in Resources */,
				BB95F1CE28310A4800BC0A93 /* SpotifyTabBarItem.xib in Resources */,
				BB8E9B6F2827AA2B00799943 /* MainViewController.xib in Resources */,
				BB0F752D281C520F00C2F80C /* gotham-bold.otf in Resources */,
				BB8E9B732827AACE00799943 /* HomeViewController.xib in Resources */,
			);
			runOnlyForDeploymentPostprocessing = 0;
		};
/* End PBXResourcesBuildPhase section */

/* Begin PBXSourcesBuildPhase section */
		BB4E0E5528197E7500DD56B7 /* Sources */ = {
			isa = PBXSourcesBuildPhase;
			buildActionMask = 2147483647;
			files = (
				BBE484DE282BFAD2006FA93D /* BaseViewController.swift in Sources */,
				BBE484E0282BFB5F006FA93D /* UIColorExtensions.swift in Sources */,
				BB95F1CC2830FFF800BC0A93 /* NibLoading.swift in Sources */,
				BB8E9B762827AAF800799943 /* SearchViewController.swift in Sources */,
				BB8E9B7A2827AE3100799943 /* LibraryViewController.swift in Sources */,
				BB4E0E762819800700DD56B7 /* AuthenticationViewController.swift in Sources */,
				BB564899283E8244005ACD2A /* RecentListenCollectionViewCell.swift in Sources */,
				BB0F751F281C4B0000C2F80C /* Font.swift in Sources */,
				BB95F1BD2830D4CE00BC0A93 /* SpotifyTabBar.swift in Sources */,
				BB4E0E7E2819A39600DD56B7 /* Colors.swift in Sources */,
				BB564895283E7F08005ACD2A /* RecentlyListenItemUiModel.swift in Sources */,
				BB0F7515281C3FE500C2F80C /* Uitilities.swift in Sources */,
				BB4E0E5D28197E7500DD56B7 /* AppDelegate.swift in Sources */,
				BB8E9B7E2827B90500799943 /* UINavigationControllerExtensions.swift in Sources */,
				BB95F1C82830FCF500BC0A93 /* SpotifyTabBarItem.swift in Sources */,
				BB8E9B722827AACE00799943 /* HomeViewController.swift in Sources */,
				BB4E0E7A2819849A00DD56B7 /* SpotifyButton.swift in Sources */,
				BB4E0E5F28197E7500DD56B7 /* SceneDelegate.swift in Sources */,
				BB95F1C22830D75600BC0A93 /* TabItem.swift in Sources */,
				BB8E9B6E2827AA2B00799943 /* MainViewController.swift in Sources */,
			);
			runOnlyForDeploymentPostprocessing = 0;
		};
/* End PBXSourcesBuildPhase section */

/* Begin PBXVariantGroup section */
		BB4E0E6728197E7700DD56B7 /* LaunchScreen.storyboard */ = {
			isa = PBXVariantGroup;
			children = (
				BB4E0E6828197E7700DD56B7 /* Base */,
			);
			name = LaunchScreen.storyboard;
			sourceTree = "<group>";
		};
/* End PBXVariantGroup section */

/* Begin XCBuildConfiguration section */
		BB4E0E6B28197E7700DD56B7 /* Debug */ = {
			isa = XCBuildConfiguration;
			buildSettings = {
				ALWAYS_SEARCH_USER_PATHS = NO;
				CLANG_ANALYZER_NONNULL = YES;
				CLANG_ANALYZER_NUMBER_OBJECT_CONVERSION = YES_AGGRESSIVE;
				CLANG_CXX_LANGUAGE_STANDARD = "gnu++17";
				CLANG_ENABLE_MODULES = YES;
				CLANG_ENABLE_OBJC_ARC = YES;
				CLANG_ENABLE_OBJC_WEAK = YES;
				CLANG_WARN_BLOCK_CAPTURE_AUTORELEASING = YES;
				CLANG_WARN_BOOL_CONVERSION = YES;
				CLANG_WARN_COMMA = YES;
				CLANG_WARN_CONSTANT_CONVERSION = YES;
				CLANG_WARN_DEPRECATED_OBJC_IMPLEMENTATIONS = YES;
				CLANG_WARN_DIRECT_OBJC_ISA_USAGE = YES_ERROR;
				CLANG_WARN_DOCUMENTATION_COMMENTS = YES;
				CLANG_WARN_EMPTY_BODY = YES;
				CLANG_WARN_ENUM_CONVERSION = YES;
				CLANG_WARN_INFINITE_RECURSION = YES;
				CLANG_WARN_INT_CONVERSION = YES;
				CLANG_WARN_NON_LITERAL_NULL_CONVERSION = YES;
				CLANG_WARN_OBJC_IMPLICIT_RETAIN_SELF = YES;
				CLANG_WARN_OBJC_LITERAL_CONVERSION = YES;
				CLANG_WARN_OBJC_ROOT_CLASS = YES_ERROR;
				CLANG_WARN_QUOTED_INCLUDE_IN_FRAMEWORK_HEADER = YES;
				CLANG_WARN_RANGE_LOOP_ANALYSIS = YES;
				CLANG_WARN_STRICT_PROTOTYPES = YES;
				CLANG_WARN_SUSPICIOUS_MOVE = YES;
				CLANG_WARN_UNGUARDED_AVAILABILITY = YES_AGGRESSIVE;
				CLANG_WARN_UNREACHABLE_CODE = YES;
				CLANG_WARN__DUPLICATE_METHOD_MATCH = YES;
				COPY_PHASE_STRIP = NO;
				DEBUG_INFORMATION_FORMAT = dwarf;
				ENABLE_STRICT_OBJC_MSGSEND = YES;
				ENABLE_TESTABILITY = YES;
				GCC_C_LANGUAGE_STANDARD = gnu11;
				GCC_DYNAMIC_NO_PIC = NO;
				GCC_NO_COMMON_BLOCKS = YES;
				GCC_OPTIMIZATION_LEVEL = 0;
				GCC_PREPROCESSOR_DEFINITIONS = (
					"DEBUG=1",
					"$(inherited)",
				);
				GCC_WARN_64_TO_32_BIT_CONVERSION = YES;
				GCC_WARN_ABOUT_RETURN_TYPE = YES_ERROR;
				GCC_WARN_UNDECLARED_SELECTOR = YES;
				GCC_WARN_UNINITIALIZED_AUTOS = YES_AGGRESSIVE;
				GCC_WARN_UNUSED_FUNCTION = YES;
				GCC_WARN_UNUSED_VARIABLE = YES;
				IPHONEOS_DEPLOYMENT_TARGET = 15.4;
				MTL_ENABLE_DEBUG_INFO = INCLUDE_SOURCE;
				MTL_FAST_MATH = YES;
				ONLY_ACTIVE_ARCH = YES;
				SDKROOT = iphoneos;
				SWIFT_ACTIVE_COMPILATION_CONDITIONS = DEBUG;
				SWIFT_OPTIMIZATION_LEVEL = "-Onone";
				SWIFT_VERSION = 5.0;
			};
			name = Debug;
		};
		BB4E0E6C28197E7700DD56B7 /* Release */ = {
			isa = XCBuildConfiguration;
			buildSettings = {
				ALWAYS_SEARCH_USER_PATHS = NO;
				CLANG_ANALYZER_NONNULL = YES;
				CLANG_ANALYZER_NUMBER_OBJECT_CONVERSION = YES_AGGRESSIVE;
				CLANG_CXX_LANGUAGE_STANDARD = "gnu++17";
				CLANG_ENABLE_MODULES = YES;
				CLANG_ENABLE_OBJC_ARC = YES;
				CLANG_ENABLE_OBJC_WEAK = YES;
				CLANG_WARN_BLOCK_CAPTURE_AUTORELEASING = YES;
				CLANG_WARN_BOOL_CONVERSION = YES;
				CLANG_WARN_COMMA = YES;
				CLANG_WARN_CONSTANT_CONVERSION = YES;
				CLANG_WARN_DEPRECATED_OBJC_IMPLEMENTATIONS = YES;
				CLANG_WARN_DIRECT_OBJC_ISA_USAGE = YES_ERROR;
				CLANG_WARN_DOCUMENTATION_COMMENTS = YES;
				CLANG_WARN_EMPTY_BODY = YES;
				CLANG_WARN_ENUM_CONVERSION = YES;
				CLANG_WARN_INFINITE_RECURSION = YES;
				CLANG_WARN_INT_CONVERSION = YES;
				CLANG_WARN_NON_LITERAL_NULL_CONVERSION = YES;
				CLANG_WARN_OBJC_IMPLICIT_RETAIN_SELF = YES;
				CLANG_WARN_OBJC_LITERAL_CONVERSION = YES;
				CLANG_WARN_OBJC_ROOT_CLASS = YES_ERROR;
				CLANG_WARN_QUOTED_INCLUDE_IN_FRAMEWORK_HEADER = YES;
				CLANG_WARN_RANGE_LOOP_ANALYSIS = YES;
				CLANG_WARN_STRICT_PROTOTYPES = YES;
				CLANG_WARN_SUSPICIOUS_MOVE = YES;
				CLANG_WARN_UNGUARDED_AVAILABILITY = YES_AGGRESSIVE;
				CLANG_WARN_UNREACHABLE_CODE = YES;
				CLANG_WARN__DUPLICATE_METHOD_MATCH = YES;
				COPY_PHASE_STRIP = NO;
				DEBUG_INFORMATION_FORMAT = "dwarf-with-dsym";
				ENABLE_NS_ASSERTIONS = NO;
				ENABLE_STRICT_OBJC_MSGSEND = YES;
				GCC_C_LANGUAGE_STANDARD = gnu11;
				GCC_NO_COMMON_BLOCKS = YES;
				GCC_WARN_64_TO_32_BIT_CONVERSION = YES;
				GCC_WARN_ABOUT_RETURN_TYPE = YES_ERROR;
				GCC_WARN_UNDECLARED_SELECTOR = YES;
				GCC_WARN_UNINITIALIZED_AUTOS = YES_AGGRESSIVE;
				GCC_WARN_UNUSED_FUNCTION = YES;
				GCC_WARN_UNUSED_VARIABLE = YES;
				IPHONEOS_DEPLOYMENT_TARGET = 15.4;
				MTL_ENABLE_DEBUG_INFO = NO;
				MTL_FAST_MATH = YES;
				SDKROOT = iphoneos;
				SWIFT_COMPILATION_MODE = wholemodule;
				SWIFT_OPTIMIZATION_LEVEL = "-O";
				SWIFT_VERSION = 5.0;
				VALIDATE_PRODUCT = YES;
			};
			name = Release;
		};
		BB4E0E6E28197E7700DD56B7 /* Debug */ = {
			isa = XCBuildConfiguration;
			buildSettings = {
				ASSETCATALOG_COMPILER_APPICON_NAME = AppIcon;
				ASSETCATALOG_COMPILER_GLOBAL_ACCENT_COLOR_NAME = AccentColor;
				CODE_SIGN_STYLE = Automatic;
				CURRENT_PROJECT_VERSION = 1;
				DEVELOPMENT_TEAM = Q5Q77Z4TJ9;
				GENERATE_INFOPLIST_FILE = YES;
				INFOPLIST_FILE = SpotifyUIClone/Info.plist;
				INFOPLIST_KEY_CFBundleDisplayName = Spotify;
				INFOPLIST_KEY_NSMainNibFile = AuthenticationViewController;
				INFOPLIST_KEY_UIApplicationSupportsIndirectInputEvents = YES;
				INFOPLIST_KEY_UILaunchStoryboardName = LaunchScreen;
				INFOPLIST_KEY_UISupportedInterfaceOrientations_iPad = "UIInterfaceOrientationPortrait UIInterfaceOrientationPortraitUpsideDown UIInterfaceOrientationLandscapeLeft UIInterfaceOrientationLandscapeRight";
				INFOPLIST_KEY_UISupportedInterfaceOrientations_iPhone = "UIInterfaceOrientationPortrait UIInterfaceOrientationLandscapeLeft UIInterfaceOrientationLandscapeRight";
				LD_RUNPATH_SEARCH_PATHS = (
					"$(inherited)",
					"@executable_path/Frameworks",
				);
				MARKETING_VERSION = 1.0;
				PRODUCT_BUNDLE_IDENTIFIER = dev.tsnanh.ios.SpotifyUIClone;
				PRODUCT_NAME = "$(TARGET_NAME)";
				SWIFT_EMIT_LOC_STRINGS = YES;
				SWIFT_VERSION = 5.0;
				TARGETED_DEVICE_FAMILY = "1,2";
			};
			name = Debug;
		};
		BB4E0E6F28197E7700DD56B7 /* Release */ = {
			isa = XCBuildConfiguration;
			buildSettings = {
				ASSETCATALOG_COMPILER_APPICON_NAME = AppIcon;
				ASSETCATALOG_COMPILER_GLOBAL_ACCENT_COLOR_NAME = AccentColor;
				CODE_SIGN_STYLE = Automatic;
				CURRENT_PROJECT_VERSION = 1;
				DEVELOPMENT_TEAM = Q5Q77Z4TJ9;
				GENERATE_INFOPLIST_FILE = YES;
				INFOPLIST_FILE = SpotifyUIClone/Info.plist;
				INFOPLIST_KEY_CFBundleDisplayName = Spotify;
				INFOPLIST_KEY_NSMainNibFile = AuthenticationViewController;
				INFOPLIST_KEY_UIApplicationSupportsIndirectInputEvents = YES;
				INFOPLIST_KEY_UILaunchStoryboardName = LaunchScreen;
				INFOPLIST_KEY_UISupportedInterfaceOrientations_iPad = "UIInterfaceOrientationPortrait UIInterfaceOrientationPortraitUpsideDown UIInterfaceOrientationLandscapeLeft UIInterfaceOrientationLandscapeRight";
				INFOPLIST_KEY_UISupportedInterfaceOrientations_iPhone = "UIInterfaceOrientationPortrait UIInterfaceOrientationLandscapeLeft UIInterfaceOrientationLandscapeRight";
				LD_RUNPATH_SEARCH_PATHS = (
					"$(inherited)",
					"@executable_path/Frameworks",
				);
				MARKETING_VERSION = 1.0;
				PRODUCT_BUNDLE_IDENTIFIER = dev.tsnanh.ios.SpotifyUIClone;
				PRODUCT_NAME = "$(TARGET_NAME)";
				SWIFT_EMIT_LOC_STRINGS = YES;
				SWIFT_VERSION = 5.0;
				TARGETED_DEVICE_FAMILY = "1,2";
			};
			name = Release;
		};
/* End XCBuildConfiguration section */

/* Begin XCConfigurationList section */
		BB4E0E5428197E7500DD56B7 /* Build configuration list for PBXProject "SpotifyUIClone" */ = {
			isa = XCConfigurationList;
			buildConfigurations = (
				BB4E0E6B28197E7700DD56B7 /* Debug */,
				BB4E0E6C28197E7700DD56B7 /* Release */,
			);
			defaultConfigurationIsVisible = 0;
			defaultConfigurationName = Release;
		};
		BB4E0E6D28197E7700DD56B7 /* Build configuration list for PBXNativeTarget "SpotifyUIClone" */ = {
			isa = XCConfigurationList;
			buildConfigurations = (
				BB4E0E6E28197E7700DD56B7 /* Debug */,
				BB4E0E6F28197E7700DD56B7 /* Release */,
			);
			defaultConfigurationIsVisible = 0;
			defaultConfigurationName = Release;
		};
/* End XCConfigurationList section */

/* Begin XCRemoteSwiftPackageReference section */
		BBC56977281EFB4D007D1A0D /* XCRemoteSwiftPackageReference "RxSwift" */ = {
			isa = XCRemoteSwiftPackageReference;
			repositoryURL = "https://github.com/ReactiveX/RxSwift";
			requirement = {
				branch = main;
				kind = branch;
			};
		};
/* End XCRemoteSwiftPackageReference section */

/* Begin XCSwiftPackageProductDependency section */
		BBC56978281EFB4D007D1A0D /* RxBlocking */ = {
			isa = XCSwiftPackageProductDependency;
			package = BBC56977281EFB4D007D1A0D /* XCRemoteSwiftPackageReference "RxSwift" */;
			productName = RxBlocking;
		};
		BBC5697A281EFB4D007D1A0D /* RxCocoa */ = {
			isa = XCSwiftPackageProductDependency;
			package = BBC56977281EFB4D007D1A0D /* XCRemoteSwiftPackageReference "RxSwift" */;
			productName = RxCocoa;
		};
		BBC5697C281EFB4D007D1A0D /* RxRelay */ = {
			isa = XCSwiftPackageProductDependency;
			package = BBC56977281EFB4D007D1A0D /* XCRemoteSwiftPackageReference "RxSwift" */;
			productName = RxRelay;
		};
		BBC5697E281EFB4D007D1A0D /* RxSwift */ = {
			isa = XCSwiftPackageProductDependency;
			package = BBC56977281EFB4D007D1A0D /* XCRemoteSwiftPackageReference "RxSwift" */;
			productName = RxSwift;
		};
/* End XCSwiftPackageProductDependency section */
	};
	rootObject = BB4E0E5128197E7500DD56B7 /* Project object */;
}
