// !$*UTF8*$!
{
	archiveVersion = 1;
	classes = {
	};
	objectVersion = 55;
	objects = {

/* Begin PBXBuildFile section */
		BB0F7515281C3FE500C2F80C /* Uitilities.swift in Sources */ = {isa = PBXBuildFile; fileRef = BB0F7514281C3FE500C2F80C /* Uitilities.swift */; };
		BB0F751F281C4B0000C2F80C /* Font.swift in Sources */ = {isa = PBXBuildFile; fileRef = BB0F751E281C4B0000C2F80C /* Font.swift */; };
		BB0F752D281C520F00C2F80C /* gotham-bold.otf in Resources */ = {isa = PBXBuildFile; fileRef = BB0F7529281C520F00C2F80C /* gotham-bold.otf */; };
		BB0F752E281C520F00C2F80C /* gotham-italic.otf in Resources */ = {isa = PBXBuildFile; fileRef = BB0F752A281C520F00C2F80C /* gotham-italic.otf */; };
		BB0F752F281C520F00C2F80C /* gotham-regular.otf in Resources */ = {isa = PBXBuildFile; fileRef = BB0F752B281C520F00C2F80C /* gotham-regular.otf */; };
		BB4D720D285D88C7006A43DD /* SnapKit in Frameworks */ = {isa = PBXBuildFile; productRef = BB4D720C285D88C7006A43DD /* SnapKit */; };
		BB4D7211285E2549006A43DD /* SearchViewModel.swift in Sources */ = {isa = PBXBuildFile; fileRef = BB4D7210285E2549006A43DD /* SearchViewModel.swift */; };
		BB4D7213285E2679006A43DD /* BaseViewModel.swift in Sources */ = {isa = PBXBuildFile; fileRef = BB4D7212285E2679006A43DD /* BaseViewModel.swift */; };
		BB4D7217285E32F0006A43DD /* CategoriesTableViewCell.swift in Sources */ = {isa = PBXBuildFile; fileRef = BB4D7215285E32F0006A43DD /* CategoriesTableViewCell.swift */; };
		BB4D7218285E32F0006A43DD /* CategoriesTableViewCell.xib in Resources */ = {isa = PBXBuildFile; fileRef = BB4D7216285E32F0006A43DD /* CategoriesTableViewCell.xib */; };
		BB4D721A285E3364006A43DD /* CategoryItemViewModel.swift in Sources */ = {isa = PBXBuildFile; fileRef = BB4D7219285E3364006A43DD /* CategoryItemViewModel.swift */; };
		BB4D721E285E3C81006A43DD /* CategoryCollectionViewCell.swift in Sources */ = {isa = PBXBuildFile; fileRef = BB4D721C285E3C81006A43DD /* CategoryCollectionViewCell.swift */; };
		BB4D721F285E3C81006A43DD /* CategoryCollectionViewCell.xib in Resources */ = {isa = PBXBuildFile; fileRef = BB4D721D285E3C81006A43DD /* CategoryCollectionViewCell.xib */; };
		BB4D7221285E464C006A43DD /* SearchItem.swift in Sources */ = {isa = PBXBuildFile; fileRef = BB4D7220285E464C006A43DD /* SearchItem.swift */; };
		BB4D7223285E4699006A43DD /* SearchSection.swift in Sources */ = {isa = PBXBuildFile; fileRef = BB4D7222285E4699006A43DD /* SearchSection.swift */; };
		BB4D7225285E4783006A43DD /* SearchDataSource.swift in Sources */ = {isa = PBXBuildFile; fileRef = BB4D7224285E4783006A43DD /* SearchDataSource.swift */; };
		BB4D7227285EC53F006A43DD /* DynamicHeightCollectionView.swift in Sources */ = {isa = PBXBuildFile; fileRef = BB4D7226285EC53F006A43DD /* DynamicHeightCollectionView.swift */; };
		BB4E0E5D28197E7500DD56B7 /* AppDelegate.swift in Sources */ = {isa = PBXBuildFile; fileRef = BB4E0E5C28197E7500DD56B7 /* AppDelegate.swift */; };
		BB4E0E5F28197E7500DD56B7 /* SceneDelegate.swift in Sources */ = {isa = PBXBuildFile; fileRef = BB4E0E5E28197E7500DD56B7 /* SceneDelegate.swift */; };
		BB4E0E6628197E7700DD56B7 /* Assets.xcassets in Resources */ = {isa = PBXBuildFile; fileRef = BB4E0E6528197E7700DD56B7 /* Assets.xcassets */; };
		BB4E0E6928197E7700DD56B7 /* LaunchScreen.storyboard in Resources */ = {isa = PBXBuildFile; fileRef = BB4E0E6728197E7700DD56B7 /* LaunchScreen.storyboard */; };
		BB4E0E762819800700DD56B7 /* AuthenticationViewController.swift in Sources */ = {isa = PBXBuildFile; fileRef = BB4E0E742819800700DD56B7 /* AuthenticationViewController.swift */; };
		BB4E0E772819800700DD56B7 /* AuthenticationViewController.xib in Resources */ = {isa = PBXBuildFile; fileRef = BB4E0E752819800700DD56B7 /* AuthenticationViewController.xib */; };
		BB4E0E7A2819849A00DD56B7 /* SpotifyButton.swift in Sources */ = {isa = PBXBuildFile; fileRef = BB4E0E792819849A00DD56B7 /* SpotifyButton.swift */; };
		BB4E0E7E2819A39600DD56B7 /* Colors.swift in Sources */ = {isa = PBXBuildFile; fileRef = BB4E0E7D2819A39600DD56B7 /* Colors.swift */; };
		BB8E9B6E2827AA2B00799943 /* MainViewController.swift in Sources */ = {isa = PBXBuildFile; fileRef = BB8E9B6C2827AA2B00799943 /* MainViewController.swift */; };
		BB8E9B6F2827AA2B00799943 /* MainViewController.xib in Resources */ = {isa = PBXBuildFile; fileRef = BB8E9B6D2827AA2B00799943 /* MainViewController.xib */; };
		BB8E9B722827AACE00799943 /* HomeViewController.swift in Sources */ = {isa = PBXBuildFile; fileRef = BB8E9B702827AACE00799943 /* HomeViewController.swift */; };
		BB8E9B732827AACE00799943 /* HomeViewController.xib in Resources */ = {isa = PBXBuildFile; fileRef = BB8E9B712827AACE00799943 /* HomeViewController.xib */; };
		BB8E9B762827AAF800799943 /* SearchViewController.swift in Sources */ = {isa = PBXBuildFile; fileRef = BB8E9B742827AAF800799943 /* SearchViewController.swift */; };
		BB8E9B772827AAF800799943 /* SearchViewController.xib in Resources */ = {isa = PBXBuildFile; fileRef = BB8E9B752827AAF800799943 /* SearchViewController.xib */; };
		BB8E9B7A2827AE3100799943 /* LibraryViewController.swift in Sources */ = {isa = PBXBuildFile; fileRef = BB8E9B782827AE3100799943 /* LibraryViewController.swift */; };
		BB8E9B7B2827AE3100799943 /* LibraryViewController.xib in Resources */ = {isa = PBXBuildFile; fileRef = BB8E9B792827AE3100799943 /* LibraryViewController.xib */; };
		BB8E9B7E2827B90500799943 /* UINavigationControllerExtensions.swift in Sources */ = {isa = PBXBuildFile; fileRef = BB8E9B7D2827B90500799943 /* UINavigationControllerExtensions.swift */; };
		BB95F1BD2830D4CE00BC0A93 /* SpotifyTabBar.swift in Sources */ = {isa = PBXBuildFile; fileRef = BB95F1BC2830D4CE00BC0A93 /* SpotifyTabBar.swift */; };
		BB95F1C22830D75600BC0A93 /* TabItem.swift in Sources */ = {isa = PBXBuildFile; fileRef = BB95F1C12830D75600BC0A93 /* TabItem.swift */; };
		BB95F1C82830FCF500BC0A93 /* SpotifyTabBarItem.swift in Sources */ = {isa = PBXBuildFile; fileRef = BB95F1C72830FCF500BC0A93 /* SpotifyTabBarItem.swift */; };
		BB95F1CC2830FFF800BC0A93 /* NibLoading.swift in Sources */ = {isa = PBXBuildFile; fileRef = BB95F1CB2830FFF800BC0A93 /* NibLoading.swift */; };
		BB95F1CE28310A4800BC0A93 /* SpotifyTabBarItem.xib in Resources */ = {isa = PBXBuildFile; fileRef = BB95F1CD28310A4800BC0A93 /* SpotifyTabBarItem.xib */; };
		BBA2F7FE28427E0E00473E8E /* HomeItemSublistTableViewCell.swift in Sources */ = {isa = PBXBuildFile; fileRef = BBA2F7FC28427E0E00473E8E /* HomeItemSublistTableViewCell.swift */; };
		BBA2F7FF28427E0E00473E8E /* HomeItemSublistTableViewCell.xib in Resources */ = {isa = PBXBuildFile; fileRef = BBA2F7FD28427E0E00473E8E /* HomeItemSublistTableViewCell.xib */; };
		BBA2F802284280BC00473E8E /* HomeItemUiModel.swift in Sources */ = {isa = PBXBuildFile; fileRef = BBA2F801284280BC00473E8E /* HomeItemUiModel.swift */; };
		BBA2F8062842855400473E8E /* HomeItemArtistCollectionViewCell.swift in Sources */ = {isa = PBXBuildFile; fileRef = BBA2F8042842855400473E8E /* HomeItemArtistCollectionViewCell.swift */; };
		BBA2F8072842855400473E8E /* HomeItemArtistCollectionViewCell.xib in Resources */ = {isa = PBXBuildFile; fileRef = BBA2F8052842855400473E8E /* HomeItemArtistCollectionViewCell.xib */; };
		BBAF7D4928491E9B00BD55A7 /* HomePlaylistItemCollectionViewCell.swift in Sources */ = {isa = PBXBuildFile; fileRef = BBAF7D4728491E9B00BD55A7 /* HomePlaylistItemCollectionViewCell.swift */; };
		BBAF7D4A28491E9B00BD55A7 /* HomePlaylistItemCollectionViewCell.xib in Resources */ = {isa = PBXBuildFile; fileRef = BBAF7D4828491E9B00BD55A7 /* HomePlaylistItemCollectionViewCell.xib */; };
		BBAF7D4C2849234800BD55A7 /* HomeSublistDataSource.swift in Sources */ = {isa = PBXBuildFile; fileRef = BBAF7D4B2849234800BD55A7 /* HomeSublistDataSource.swift */; };
		BBAF7D50284923CF00BD55A7 /* HomeSublistSections.swift in Sources */ = {isa = PBXBuildFile; fileRef = BBAF7D4F284923CF00BD55A7 /* HomeSublistSections.swift */; };
		BBAF7D522849266E00BD55A7 /* HomeSublistItems.swift in Sources */ = {isa = PBXBuildFile; fileRef = BBAF7D512849266E00BD55A7 /* HomeSublistItems.swift */; };
		BBAF7D54284928FC00BD55A7 /* HomeItemType.swift in Sources */ = {isa = PBXBuildFile; fileRef = BBAF7D53284928FC00BD55A7 /* HomeItemType.swift */; };
		BBBD7E0E283FC2870065498A /* Differentiator in Frameworks */ = {isa = PBXBuildFile; productRef = BBBD7E0D283FC2870065498A /* Differentiator */; };
		BBBD7E10283FC2870065498A /* RxDataSources in Frameworks */ = {isa = PBXBuildFile; productRef = BBBD7E0F283FC2870065498A /* RxDataSources */; };
		BBBD7E14283FC7D10065498A /* HomeHeaderTableViewCell.swift in Sources */ = {isa = PBXBuildFile; fileRef = BBBD7E12283FC7D10065498A /* HomeHeaderTableViewCell.swift */; };
		BBBD7E15283FC7D10065498A /* HomeHeaderTableViewCell.xib in Resources */ = {isa = PBXBuildFile; fileRef = BBBD7E13283FC7D10065498A /* HomeHeaderTableViewCell.xib */; };
		BBBD7E17283FCCDE0065498A /* HomeViewModel.swift in Sources */ = {isa = PBXBuildFile; fileRef = BBBD7E16283FCCDE0065498A /* HomeViewModel.swift */; };
		BBC56979281EFB4D007D1A0D /* RxBlocking in Frameworks */ = {isa = PBXBuildFile; productRef = BBC56978281EFB4D007D1A0D /* RxBlocking */; };
		BBC5697B281EFB4D007D1A0D /* RxCocoa in Frameworks */ = {isa = PBXBuildFile; productRef = BBC5697A281EFB4D007D1A0D /* RxCocoa */; };
		BBC5697D281EFB4D007D1A0D /* RxRelay in Frameworks */ = {isa = PBXBuildFile; productRef = BBC5697C281EFB4D007D1A0D /* RxRelay */; };
		BBC5697F281EFB4D007D1A0D /* RxSwift in Frameworks */ = {isa = PBXBuildFile; productRef = BBC5697E281EFB4D007D1A0D /* RxSwift */; };
		BBCEDCC92841DBAB00B368A0 /* RecentlyListenListTableViewCell.swift in Sources */ = {isa = PBXBuildFile; fileRef = BBCEDCC72841DBAB00B368A0 /* RecentlyListenListTableViewCell.swift */; };
		BBCEDCCA2841DBAB00B368A0 /* RecentlyListenListTableViewCell.xib in Resources */ = {isa = PBXBuildFile; fileRef = BBCEDCC82841DBAB00B368A0 /* RecentlyListenListTableViewCell.xib */; };
		BBCEDCCD2842216D00B368A0 /* Kingfisher in Frameworks */ = {isa = PBXBuildFile; productRef = BBCEDCCC2842216D00B368A0 /* Kingfisher */; };
		BBD134562862A4C4008B19D3 /* SpotifySearchBoxViewModel.swift in Sources */ = {isa = PBXBuildFile; fileRef = BBD134552862A4C4008B19D3 /* SpotifySearchBoxViewModel.swift */; };
		BBDD38A2285F2C5B00D18724 /* CategoriesTableViewCellViewModel.swift in Sources */ = {isa = PBXBuildFile; fileRef = BBDD38A1285F2C5B00D18724 /* CategoriesTableViewCellViewModel.swift */; };
		BBDD38A62860C84900D18724 /* SearchHeaderTableViewCell.swift in Sources */ = {isa = PBXBuildFile; fileRef = BBDD38A42860C84800D18724 /* SearchHeaderTableViewCell.swift */; };
		BBDD38A72860C84900D18724 /* SearchHeaderTableViewCell.xib in Resources */ = {isa = PBXBuildFile; fileRef = BBDD38A52860C84900D18724 /* SearchHeaderTableViewCell.xib */; };
		BBDD38A92860D1B600D18724 /* SpotifySearchBox.swift in Sources */ = {isa = PBXBuildFile; fileRef = BBDD38A82860D1B600D18724 /* SpotifySearchBox.swift */; };
		BBDD38AB2860D1C500D18724 /* SpotifySearchBox.xib in Resources */ = {isa = PBXBuildFile; fileRef = BBDD38AA2860D1C500D18724 /* SpotifySearchBox.xib */; };
		BBDDC6C1285CC8AA003B9886 /* BaseHomeItemCollectionViewCell.swift in Sources */ = {isa = PBXBuildFile; fileRef = BBDDC6C0285CC8AA003B9886 /* BaseHomeItemCollectionViewCell.swift */; };
		BBE484DE282BFAD2006FA93D /* BaseViewController.swift in Sources */ = {isa = PBXBuildFile; fileRef = BBE484DD282BFAD2006FA93D /* BaseViewController.swift */; };
		BBE484E0282BFB5F006FA93D /* UIColorExtensions.swift in Sources */ = {isa = PBXBuildFile; fileRef = BBE484DF282BFB5F006FA93D /* UIColorExtensions.swift */; };
		CC7A35CFA50EDCC3E0C75EEA /* HomeSection.swift in Sources */ = {isa = PBXBuildFile; fileRef = CC7A3A89F151762633EA30FA /* HomeSection.swift */; };
		CC7A38210D97EA7C85B0C8D1 /* HomeDataSource.swift in Sources */ = {isa = PBXBuildFile; fileRef = CC7A34EA046A2E8A8C85F364 /* HomeDataSource.swift */; };
		CC7A3E1D36537381B30D1366 /* HomeItem.swift in Sources */ = {isa = PBXBuildFile; fileRef = CC7A30722D91C51F4BA8F42F /* HomeItem.swift */; };
/* End PBXBuildFile section */

/* Begin PBXFileReference section */
		BB0F7514281C3FE500C2F80C /* Uitilities.swift */ = {isa = PBXFileReference; lastKnownFileType = sourcecode.swift; path = Uitilities.swift; sourceTree = "<group>"; };
		BB0F751E281C4B0000C2F80C /* Font.swift */ = {isa = PBXFileReference; lastKnownFileType = sourcecode.swift; path = Font.swift; sourceTree = "<group>"; };
		BB0F7529281C520F00C2F80C /* gotham-bold.otf */ = {isa = PBXFileReference; lastKnownFileType = file; path = "gotham-bold.otf"; sourceTree = "<group>"; };
		BB0F752A281C520F00C2F80C /* gotham-italic.otf */ = {isa = PBXFileReference; lastKnownFileType = file; path = "gotham-italic.otf"; sourceTree = "<group>"; };
		BB0F752B281C520F00C2F80C /* gotham-regular.otf */ = {isa = PBXFileReference; lastKnownFileType = file; path = "gotham-regular.otf"; sourceTree = "<group>"; };
		BB4D7210285E2549006A43DD /* SearchViewModel.swift */ = {isa = PBXFileReference; lastKnownFileType = sourcecode.swift; path = SearchViewModel.swift; sourceTree = "<group>"; };
		BB4D7212285E2679006A43DD /* BaseViewModel.swift */ = {isa = PBXFileReference; lastKnownFileType = sourcecode.swift; path = BaseViewModel.swift; sourceTree = "<group>"; };
		BB4D7215285E32F0006A43DD /* CategoriesTableViewCell.swift */ = {isa = PBXFileReference; lastKnownFileType = sourcecode.swift; path = CategoriesTableViewCell.swift; sourceTree = "<group>"; };
		BB4D7216285E32F0006A43DD /* CategoriesTableViewCell.xib */ = {isa = PBXFileReference; lastKnownFileType = file.xib; path = CategoriesTableViewCell.xib; sourceTree = "<group>"; };
		BB4D7219285E3364006A43DD /* CategoryItemViewModel.swift */ = {isa = PBXFileReference; lastKnownFileType = sourcecode.swift; path = CategoryItemViewModel.swift; sourceTree = "<group>"; };
		BB4D721C285E3C81006A43DD /* CategoryCollectionViewCell.swift */ = {isa = PBXFileReference; lastKnownFileType = sourcecode.swift; path = CategoryCollectionViewCell.swift; sourceTree = "<group>"; };
		BB4D721D285E3C81006A43DD /* CategoryCollectionViewCell.xib */ = {isa = PBXFileReference; lastKnownFileType = file.xib; path = CategoryCollectionViewCell.xib; sourceTree = "<group>"; };
		BB4D7220285E464C006A43DD /* SearchItem.swift */ = {isa = PBXFileReference; lastKnownFileType = sourcecode.swift; path = SearchItem.swift; sourceTree = "<group>"; };
		BB4D7222285E4699006A43DD /* SearchSection.swift */ = {isa = PBXFileReference; lastKnownFileType = sourcecode.swift; path = SearchSection.swift; sourceTree = "<group>"; };
		BB4D7224285E4783006A43DD /* SearchDataSource.swift */ = {isa = PBXFileReference; lastKnownFileType = sourcecode.swift; path = SearchDataSource.swift; sourceTree = "<group>"; };
		BB4D7226285EC53F006A43DD /* DynamicHeightCollectionView.swift */ = {isa = PBXFileReference; lastKnownFileType = sourcecode.swift; path = DynamicHeightCollectionView.swift; sourceTree = "<group>"; };
		BB4E0E5928197E7500DD56B7 /* SpotifyUIClone.app */ = {isa = PBXFileReference; explicitFileType = wrapper.application; includeInIndex = 0; path = SpotifyUIClone.app; sourceTree = BUILT_PRODUCTS_DIR; };
		BB4E0E5C28197E7500DD56B7 /* AppDelegate.swift */ = {isa = PBXFileReference; lastKnownFileType = sourcecode.swift; path = AppDelegate.swift; sourceTree = "<group>"; };
		BB4E0E5E28197E7500DD56B7 /* SceneDelegate.swift */ = {isa = PBXFileReference; lastKnownFileType = sourcecode.swift; path = SceneDelegate.swift; sourceTree = "<group>"; };
		BB4E0E6528197E7700DD56B7 /* Assets.xcassets */ = {isa = PBXFileReference; lastKnownFileType = folder.assetcatalog; path = Assets.xcassets; sourceTree = "<group>"; };
		BB4E0E6828197E7700DD56B7 /* Base */ = {isa = PBXFileReference; lastKnownFileType = file.storyboard; name = Base; path = Base.lproj/LaunchScreen.storyboard; sourceTree = "<group>"; };
		BB4E0E6A28197E7700DD56B7 /* Info.plist */ = {isa = PBXFileReference; lastKnownFileType = text.plist.xml; path = Info.plist; sourceTree = "<group>"; };
		BB4E0E742819800700DD56B7 /* AuthenticationViewController.swift */ = {isa = PBXFileReference; lastKnownFileType = sourcecode.swift; path = AuthenticationViewController.swift; sourceTree = "<group>"; };
		BB4E0E752819800700DD56B7 /* AuthenticationViewController.xib */ = {isa = PBXFileReference; lastKnownFileType = file.xib; path = AuthenticationViewController.xib; sourceTree = "<group>"; };
		BB4E0E792819849A00DD56B7 /* SpotifyButton.swift */ = {isa = PBXFileReference; lastKnownFileType = sourcecode.swift; path = SpotifyButton.swift; sourceTree = "<group>"; };
		BB4E0E7D2819A39600DD56B7 /* Colors.swift */ = {isa = PBXFileReference; lastKnownFileType = sourcecode.swift; path = Colors.swift; sourceTree = "<group>"; };
		BB8E9B6C2827AA2B00799943 /* MainViewController.swift */ = {isa = PBXFileReference; lastKnownFileType = sourcecode.swift; path = MainViewController.swift; sourceTree = "<group>"; };
		BB8E9B6D2827AA2B00799943 /* MainViewController.xib */ = {isa = PBXFileReference; lastKnownFileType = file.xib; path = MainViewController.xib; sourceTree = "<group>"; };
		BB8E9B702827AACE00799943 /* HomeViewController.swift */ = {isa = PBXFileReference; lastKnownFileType = sourcecode.swift; path = HomeViewController.swift; sourceTree = "<group>"; };
		BB8E9B712827AACE00799943 /* HomeViewController.xib */ = {isa = PBXFileReference; lastKnownFileType = file.xib; path = HomeViewController.xib; sourceTree = "<group>"; };
		BB8E9B742827AAF800799943 /* SearchViewController.swift */ = {isa = PBXFileReference; lastKnownFileType = sourcecode.swift; path = SearchViewController.swift; sourceTree = "<group>"; };
		BB8E9B752827AAF800799943 /* SearchViewController.xib */ = {isa = PBXFileReference; lastKnownFileType = file.xib; path = SearchViewController.xib; sourceTree = "<group>"; };
		BB8E9B782827AE3100799943 /* LibraryViewController.swift */ = {isa = PBXFileReference; lastKnownFileType = sourcecode.swift; name = LibraryViewController.swift; path = SpotifyUIClone/Controllers/Main/Search/LibraryViewController.swift; sourceTree = SOURCE_ROOT; };
		BB8E9B792827AE3100799943 /* LibraryViewController.xib */ = {isa = PBXFileReference; lastKnownFileType = file.xib; name = LibraryViewController.xib; path = SpotifyUIClone/Controllers/Main/Search/LibraryViewController.xib; sourceTree = SOURCE_ROOT; };
		BB8E9B7D2827B90500799943 /* UINavigationControllerExtensions.swift */ = {isa = PBXFileReference; lastKnownFileType = sourcecode.swift; path = UINavigationControllerExtensions.swift; sourceTree = "<group>"; };
		BB95F1BC2830D4CE00BC0A93 /* SpotifyTabBar.swift */ = {isa = PBXFileReference; lastKnownFileType = sourcecode.swift; path = SpotifyTabBar.swift; sourceTree = "<group>"; };
		BB95F1C12830D75600BC0A93 /* TabItem.swift */ = {isa = PBXFileReference; lastKnownFileType = sourcecode.swift; path = TabItem.swift; sourceTree = "<group>"; };
		BB95F1C72830FCF500BC0A93 /* SpotifyTabBarItem.swift */ = {isa = PBXFileReference; lastKnownFileType = sourcecode.swift; path = SpotifyTabBarItem.swift; sourceTree = "<group>"; };
		BB95F1CB2830FFF800BC0A93 /* NibLoading.swift */ = {isa = PBXFileReference; lastKnownFileType = sourcecode.swift; path = NibLoading.swift; sourceTree = "<group>"; };
		BB95F1CD28310A4800BC0A93 /* SpotifyTabBarItem.xib */ = {isa = PBXFileReference; lastKnownFileType = file.xib; path = SpotifyTabBarItem.xib; sourceTree = "<group>"; };
		BBA2F7FC28427E0E00473E8E /* HomeItemSublistTableViewCell.swift */ = {isa = PBXFileReference; lastKnownFileType = sourcecode.swift; path = HomeItemSublistTableViewCell.swift; sourceTree = "<group>"; };
		BBA2F7FD28427E0E00473E8E /* HomeItemSublistTableViewCell.xib */ = {isa = PBXFileReference; lastKnownFileType = file.xib; path = HomeItemSublistTableViewCell.xib; sourceTree = "<group>"; };
		BBA2F801284280BC00473E8E /* HomeItemUiModel.swift */ = {isa = PBXFileReference; lastKnownFileType = sourcecode.swift; path = HomeItemUiModel.swift; sourceTree = "<group>"; };
		BBA2F8042842855400473E8E /* HomeItemArtistCollectionViewCell.swift */ = {isa = PBXFileReference; lastKnownFileType = sourcecode.swift; path = HomeItemArtistCollectionViewCell.swift; sourceTree = "<group>"; };
		BBA2F8052842855400473E8E /* HomeItemArtistCollectionViewCell.xib */ = {isa = PBXFileReference; lastKnownFileType = file.xib; path = HomeItemArtistCollectionViewCell.xib; sourceTree = "<group>"; };
		BBAF7D4728491E9B00BD55A7 /* HomePlaylistItemCollectionViewCell.swift */ = {isa = PBXFileReference; lastKnownFileType = sourcecode.swift; path = HomePlaylistItemCollectionViewCell.swift; sourceTree = "<group>"; };
		BBAF7D4828491E9B00BD55A7 /* HomePlaylistItemCollectionViewCell.xib */ = {isa = PBXFileReference; lastKnownFileType = file.xib; path = HomePlaylistItemCollectionViewCell.xib; sourceTree = "<group>"; };
		BBAF7D4B2849234800BD55A7 /* HomeSublistDataSource.swift */ = {isa = PBXFileReference; lastKnownFileType = sourcecode.swift; path = HomeSublistDataSource.swift; sourceTree = "<group>"; };
		BBAF7D4F284923CF00BD55A7 /* HomeSublistSections.swift */ = {isa = PBXFileReference; lastKnownFileType = sourcecode.swift; path = HomeSublistSections.swift; sourceTree = "<group>"; };
		BBAF7D512849266E00BD55A7 /* HomeSublistItems.swift */ = {isa = PBXFileReference; lastKnownFileType = sourcecode.swift; path = HomeSublistItems.swift; sourceTree = "<group>"; };
		BBAF7D53284928FC00BD55A7 /* HomeItemType.swift */ = {isa = PBXFileReference; lastKnownFileType = sourcecode.swift; path = HomeItemType.swift; sourceTree = "<group>"; };
		BBBD7E12283FC7D10065498A /* HomeHeaderTableViewCell.swift */ = {isa = PBXFileReference; lastKnownFileType = sourcecode.swift; path = HomeHeaderTableViewCell.swift; sourceTree = "<group>"; };
		BBBD7E13283FC7D10065498A /* HomeHeaderTableViewCell.xib */ = {isa = PBXFileReference; lastKnownFileType = file.xib; path = HomeHeaderTableViewCell.xib; sourceTree = "<group>"; };
		BBBD7E16283FCCDE0065498A /* HomeViewModel.swift */ = {isa = PBXFileReference; lastKnownFileType = sourcecode.swift; path = HomeViewModel.swift; sourceTree = "<group>"; };
		BBC56983281EFC89007D1A0D /* XCTest.framework */ = {isa = PBXFileReference; lastKnownFileType = wrapper.framework; name = XCTest.framework; path = Platforms/iPhoneOS.platform/Developer/Library/Frameworks/XCTest.framework; sourceTree = DEVELOPER_DIR; };
		BBCEDCC72841DBAB00B368A0 /* RecentlyListenListTableViewCell.swift */ = {isa = PBXFileReference; lastKnownFileType = sourcecode.swift; path = RecentlyListenListTableViewCell.swift; sourceTree = "<group>"; };
		BBCEDCC82841DBAB00B368A0 /* RecentlyListenListTableViewCell.xib */ = {isa = PBXFileReference; lastKnownFileType = file.xib; path = RecentlyListenListTableViewCell.xib; sourceTree = "<group>"; };
		BBD134552862A4C4008B19D3 /* SpotifySearchBoxViewModel.swift */ = {isa = PBXFileReference; lastKnownFileType = sourcecode.swift; path = SpotifySearchBoxViewModel.swift; sourceTree = "<group>"; };
		BBDD38A1285F2C5B00D18724 /* CategoriesTableViewCellViewModel.swift */ = {isa = PBXFileReference; lastKnownFileType = sourcecode.swift; path = CategoriesTableViewCellViewModel.swift; sourceTree = "<group>"; };
		BBDD38A42860C84800D18724 /* SearchHeaderTableViewCell.swift */ = {isa = PBXFileReference; lastKnownFileType = sourcecode.swift; path = SearchHeaderTableViewCell.swift; sourceTree = "<group>"; };
		BBDD38A52860C84900D18724 /* SearchHeaderTableViewCell.xib */ = {isa = PBXFileReference; lastKnownFileType = file.xib; path = SearchHeaderTableViewCell.xib; sourceTree = "<group>"; };
		BBDD38A82860D1B600D18724 /* SpotifySearchBox.swift */ = {isa = PBXFileReference; lastKnownFileType = sourcecode.swift; path = SpotifySearchBox.swift; sourceTree = "<group>"; };
		BBDD38AA2860D1C500D18724 /* SpotifySearchBox.xib */ = {isa = PBXFileReference; lastKnownFileType = file.xib; path = SpotifySearchBox.xib; sourceTree = "<group>"; };
		BBDDC6C0285CC8AA003B9886 /* BaseHomeItemCollectionViewCell.swift */ = {isa = PBXFileReference; lastKnownFileType = sourcecode.swift; path = BaseHomeItemCollectionViewCell.swift; sourceTree = "<group>"; };
		BBE484DD282BFAD2006FA93D /* BaseViewController.swift */ = {isa = PBXFileReference; lastKnownFileType = sourcecode.swift; path = BaseViewController.swift; sourceTree = "<group>"; };
		BBE484DF282BFB5F006FA93D /* UIColorExtensions.swift */ = {isa = PBXFileReference; lastKnownFileType = sourcecode.swift; path = UIColorExtensions.swift; sourceTree = "<group>"; };
		CC7A30722D91C51F4BA8F42F /* HomeItem.swift */ = {isa = PBXFileReference; fileEncoding = 4; lastKnownFileType = sourcecode.swift; path = HomeItem.swift; sourceTree = "<group>"; };
		CC7A34EA046A2E8A8C85F364 /* HomeDataSource.swift */ = {isa = PBXFileReference; fileEncoding = 4; lastKnownFileType = sourcecode.swift; path = HomeDataSource.swift; sourceTree = "<group>"; };
		CC7A3A89F151762633EA30FA /* HomeSection.swift */ = {isa = PBXFileReference; fileEncoding = 4; lastKnownFileType = sourcecode.swift; path = HomeSection.swift; sourceTree = "<group>"; };
/* End PBXFileReference section */

/* Begin PBXFrameworksBuildPhase section */
		BB4E0E5628197E7500DD56B7 /* Frameworks */ = {
			isa = PBXFrameworksBuildPhase;
			buildActionMask = 2147483647;
			files = (
				BBC5697D281EFB4D007D1A0D /* RxRelay in Frameworks */,
				BB4D720D285D88C7006A43DD /* SnapKit in Frameworks */,
				BBBD7E0E283FC2870065498A /* Differentiator in Frameworks */,
				BBCEDCCD2842216D00B368A0 /* Kingfisher in Frameworks */,
				BBC5697B281EFB4D007D1A0D /* RxCocoa in Frameworks */,
				BBBD7E10283FC2870065498A /* RxDataSources in Frameworks */,
				BBC5697F281EFB4D007D1A0D /* RxSwift in Frameworks */,
				BBC56979281EFB4D007D1A0D /* RxBlocking in Frameworks */,
			);
			runOnlyForDeploymentPostprocessing = 0;
		};
/* End PBXFrameworksBuildPhase section */

/* Begin PBXGroup section */
		BB0F750A281C36C400C2F80C /* Font */ = {
			isa = PBXGroup;
			children = (
				BB0F7529281C520F00C2F80C /* gotham-bold.otf */,
				BB0F752A281C520F00C2F80C /* gotham-italic.otf */,
				BB0F752B281C520F00C2F80C /* gotham-regular.otf */,
				BB0F751E281C4B0000C2F80C /* Font.swift */,
			);
			path = Font;
			sourceTree = "<group>";
		};
		BB0F7513281C3BD600C2F80C /* Utils */ = {
			isa = PBXGroup;
			children = (
				BB0F7514281C3FE500C2F80C /* Uitilities.swift */,
			);
			path = Utils;
			sourceTree = "<group>";
		};
		BB4D7214285E327F006A43DD /* CategoriesTableViewCell */ = {
			isa = PBXGroup;
			children = (
				BB4D7215285E32F0006A43DD /* CategoriesTableViewCell.swift */,
				BB4D7216285E32F0006A43DD /* CategoriesTableViewCell.xib */,
				BBDD38A1285F2C5B00D18724 /* CategoriesTableViewCellViewModel.swift */,
			);
			path = CategoriesTableViewCell;
			sourceTree = "<group>";
		};
		BB4D721B285E3C59006A43DD /* CategoryCollectionViewCell */ = {
			isa = PBXGroup;
			children = (
				BB4D7219285E3364006A43DD /* CategoryItemViewModel.swift */,
				BB4D721C285E3C81006A43DD /* CategoryCollectionViewCell.swift */,
				BB4D721D285E3C81006A43DD /* CategoryCollectionViewCell.xib */,
			);
			path = CategoryCollectionViewCell;
			sourceTree = "<group>";
		};
		BB4E0E5028197E7500DD56B7 = {
			isa = PBXGroup;
			children = (
				BB95F1CB2830FFF800BC0A93 /* NibLoading.swift */,
				BB4E0E5B28197E7500DD56B7 /* SpotifyUIClone */,
				BB4E0E5A28197E7500DD56B7 /* Products */,
				BBC56982281EFC89007D1A0D /* Frameworks */,
			);
			sourceTree = "<group>";
		};
		BB4E0E5A28197E7500DD56B7 /* Products */ = {
			isa = PBXGroup;
			children = (
				BB4E0E5928197E7500DD56B7 /* SpotifyUIClone.app */,
			);
			name = Products;
			sourceTree = "<group>";
		};
		BB4E0E5B28197E7500DD56B7 /* SpotifyUIClone */ = {
			isa = PBXGroup;
			children = (
				BBE484DC282BFABF006FA93D /* Common */,
				BB8E9B7C2827B8EF00799943 /* Extensions */,
				BB0F750A281C36C400C2F80C /* Font */,
				BB4E0E782819847200DD56B7 /* CustomViews */,
				BB4E0E7328197F0600DD56B7 /* Models */,
				BB4E0E7228197EF100DD56B7 /* ViewModels */,
				BB4E0E7128197EBB00DD56B7 /* Controllers */,
				BB4E0E7028197EB400DD56B7 /* Views */,
				BB0F7513281C3BD600C2F80C /* Utils */,
				BB4E0E5C28197E7500DD56B7 /* AppDelegate.swift */,
				BB4E0E5E28197E7500DD56B7 /* SceneDelegate.swift */,
				BB4E0E6528197E7700DD56B7 /* Assets.xcassets */,
				BB4E0E6A28197E7700DD56B7 /* Info.plist */,
				BB4E0E7D2819A39600DD56B7 /* Colors.swift */,
			);
			path = SpotifyUIClone;
			sourceTree = "<group>";
		};
		BB4E0E7028197EB400DD56B7 /* Views */ = {
			isa = PBXGroup;
			children = (
				BB4E0E6728197E7700DD56B7 /* LaunchScreen.storyboard */,
			);
			path = Views;
			sourceTree = "<group>";
		};
		BB4E0E7128197EBB00DD56B7 /* Controllers */ = {
			isa = PBXGroup;
			children = (
				BBC56972281EF8AD007D1A0D /* Main */,
				BBC56971281EC50D007D1A0D /* Authentication */,
			);
			path = Controllers;
			sourceTree = "<group>";
		};
		BB4E0E7228197EF100DD56B7 /* ViewModels */ = {
			isa = PBXGroup;
			children = (
			);
			path = ViewModels;
			sourceTree = "<group>";
		};
		BB4E0E7328197F0600DD56B7 /* Models */ = {
			isa = PBXGroup;
			children = (
				BB564893283E7EE5005ACD2A /* UI */,
			);
			path = Models;
			sourceTree = "<group>";
		};
		BB4E0E782819847200DD56B7 /* CustomViews */ = {
			isa = PBXGroup;
			children = (
				BB95F1BE2830D54400BC0A93 /* SpotifyTabBar */,
				BB4E0E792819849A00DD56B7 /* SpotifyButton.swift */,
				BB4D7226285EC53F006A43DD /* DynamicHeightCollectionView.swift */,
				BBDD38A82860D1B600D18724 /* SpotifySearchBox.swift */,
				BBDD38AA2860D1C500D18724 /* SpotifySearchBox.xib */,
				BBD134552862A4C4008B19D3 /* SpotifySearchBoxViewModel.swift */,
			);
			path = CustomViews;
			sourceTree = "<group>";
		};
		BB564893283E7EE5005ACD2A /* UI */ = {
			isa = PBXGroup;
			children = (
				BBA2F80028427F5E00473E8E /* Home */,
			);
			path = UI;
			sourceTree = "<group>";
		};
		BB8E9B7C2827B8EF00799943 /* Extensions */ = {
			isa = PBXGroup;
			children = (
				BB8E9B7D2827B90500799943 /* UINavigationControllerExtensions.swift */,
				BBE484DF282BFB5F006FA93D /* UIColorExtensions.swift */,
			);
			path = Extensions;
			sourceTree = "<group>";
		};
		BB95F1BE2830D54400BC0A93 /* SpotifyTabBar */ = {
			isa = PBXGroup;
			children = (
				BB95F1BC2830D4CE00BC0A93 /* SpotifyTabBar.swift */,
				BB95F1C12830D75600BC0A93 /* TabItem.swift */,
				BB95F1C72830FCF500BC0A93 /* SpotifyTabBarItem.swift */,
				BB95F1CD28310A4800BC0A93 /* SpotifyTabBarItem.xib */,
			);
			path = SpotifyTabBar;
			sourceTree = "<group>";
		};
		BBA2F7FB28427D7C00473E8E /* HomeItemSublistTableViewCell */ = {
			isa = PBXGroup;
			children = (
				BBA2F7FC28427E0E00473E8E /* HomeItemSublistTableViewCell.swift */,
				BBA2F7FD28427E0E00473E8E /* HomeItemSublistTableViewCell.xib */,
				BBAF7D4B2849234800BD55A7 /* HomeSublistDataSource.swift */,
				BBAF7D4F284923CF00BD55A7 /* HomeSublistSections.swift */,
				BBAF7D512849266E00BD55A7 /* HomeSublistItems.swift */,
			);
			path = HomeItemSublistTableViewCell;
			sourceTree = "<group>";
		};
		BBA2F80028427F5E00473E8E /* Home */ = {
			isa = PBXGroup;
			children = (
				BBA2F801284280BC00473E8E /* HomeItemUiModel.swift */,
				BBAF7D53284928FC00BD55A7 /* HomeItemType.swift */,
			);
			path = Home;
			sourceTree = "<group>";
		};
		BBA2F803284284F600473E8E /* HomeArtistItemTableViewCell */ = {
			isa = PBXGroup;
			children = (
				BBA2F8042842855400473E8E /* HomeItemArtistCollectionViewCell.swift */,
				BBA2F8052842855400473E8E /* HomeItemArtistCollectionViewCell.xib */,
			);
			path = HomeArtistItemTableViewCell;
			sourceTree = "<group>";
		};
		BBAF7D4628491E7200BD55A7 /* HomePlaylistItemCollectionViewCell */ = {
			isa = PBXGroup;
			children = (
				BBAF7D4728491E9B00BD55A7 /* HomePlaylistItemCollectionViewCell.swift */,
				BBAF7D4828491E9B00BD55A7 /* HomePlaylistItemCollectionViewCell.xib */,
			);
			path = HomePlaylistItemCollectionViewCell;
			sourceTree = "<group>";
		};
		BBBD7E11283FC7BA0065498A /* HomeHeaderTableViewCell */ = {
			isa = PBXGroup;
			children = (
				BBBD7E12283FC7D10065498A /* HomeHeaderTableViewCell.swift */,
				BBBD7E13283FC7D10065498A /* HomeHeaderTableViewCell.xib */,
			);
			path = HomeHeaderTableViewCell;
			sourceTree = "<group>";
		};
		BBC56971281EC50D007D1A0D /* Authentication */ = {
			isa = PBXGroup;
			children = (
				BB4E0E752819800700DD56B7 /* AuthenticationViewController.xib */,
				BB4E0E742819800700DD56B7 /* AuthenticationViewController.swift */,
			);
			path = Authentication;
			sourceTree = "<group>";
		};
		BBC56972281EF8AD007D1A0D /* Main */ = {
			isa = PBXGroup;
			children = (
				CC7A3FA8991DD1048FDDDAC9 /* Home */,
				CC7A3A4F71BCEC4C8C889726 /* Search */,
				CC7A3DA4E6345026704FA7DE /* Library */,
				BB8E9B6C2827AA2B00799943 /* MainViewController.swift */,
				BB8E9B6D2827AA2B00799943 /* MainViewController.xib */,
			);
			path = Main;
			sourceTree = "<group>";
		};
		BBC56982281EFC89007D1A0D /* Frameworks */ = {
			isa = PBXGroup;
			children = (
				BBC56983281EFC89007D1A0D /* XCTest.framework */,
			);
			name = Frameworks;
			sourceTree = "<group>";
		};
		BBCEDCC62841DB8000B368A0 /* RecentlyListenListTableViewCell */ = {
			isa = PBXGroup;
			children = (
				BBCEDCC72841DBAB00B368A0 /* RecentlyListenListTableViewCell.swift */,
				BBCEDCC82841DBAB00B368A0 /* RecentlyListenListTableViewCell.xib */,
			);
			path = RecentlyListenListTableViewCell;
			sourceTree = "<group>";
		};
		BBDD38A32860C7C300D18724 /* SearchHeaderTableViewCell */ = {
			isa = PBXGroup;
			children = (
				BBDD38A42860C84800D18724 /* SearchHeaderTableViewCell.swift */,
				BBDD38A52860C84900D18724 /* SearchHeaderTableViewCell.xib */,
			);
			path = SearchHeaderTableViewCell;
			sourceTree = "<group>";
		};
		BBDDC6BF285CC878003B9886 /* BaseHomeItemCollectionViewCell */ = {
			isa = PBXGroup;
			children = (
				BBDDC6C0285CC8AA003B9886 /* BaseHomeItemCollectionViewCell.swift */,
			);
			path = BaseHomeItemCollectionViewCell;
			sourceTree = "<group>";
		};
		BBE484DC282BFABF006FA93D /* Common */ = {
			isa = PBXGroup;
			children = (
				BBE484DD282BFAD2006FA93D /* BaseViewController.swift */,
				BB4D7212285E2679006A43DD /* BaseViewModel.swift */,
			);
			path = Common;
			sourceTree = "<group>";
		};
		CC7A3A4F71BCEC4C8C889726 /* Search */ = {
			isa = PBXGroup;
			children = (
				BBDD38A32860C7C300D18724 /* SearchHeaderTableViewCell */,
				BB4D721B285E3C59006A43DD /* CategoryCollectionViewCell */,
				BB4D7214285E327F006A43DD /* CategoriesTableViewCell */,
				BB8E9B742827AAF800799943 /* SearchViewController.swift */,
				BB8E9B752827AAF800799943 /* SearchViewController.xib */,
				BB4D7210285E2549006A43DD /* SearchViewModel.swift */,
				BB4D7220285E464C006A43DD /* SearchItem.swift */,
				BB4D7222285E4699006A43DD /* SearchSection.swift */,
				BB4D7224285E4783006A43DD /* SearchDataSource.swift */,
			);
			path = Search;
			sourceTree = "<group>";
		};
		CC7A3DA4E6345026704FA7DE /* Library */ = {
			isa = PBXGroup;
			children = (
				BB8E9B782827AE3100799943 /* LibraryViewController.swift */,
				BB8E9B792827AE3100799943 /* LibraryViewController.xib */,
			);
			path = Library;
			sourceTree = "<group>";
		};
		CC7A3FA8991DD1048FDDDAC9 /* Home */ = {
			isa = PBXGroup;
			children = (
				BBDDC6BF285CC878003B9886 /* BaseHomeItemCollectionViewCell */,
				BBAF7D4628491E7200BD55A7 /* HomePlaylistItemCollectionViewCell */,
				BBA2F803284284F600473E8E /* HomeArtistItemTableViewCell */,
				BBA2F7FB28427D7C00473E8E /* HomeItemSublistTableViewCell */,
				BBCEDCC62841DB8000B368A0 /* RecentlyListenListTableViewCell */,
				BBBD7E11283FC7BA0065498A /* HomeHeaderTableViewCell */,
				BB8E9B702827AACE00799943 /* HomeViewController.swift */,
				BB8E9B712827AACE00799943 /* HomeViewController.xib */,
				BBBD7E16283FCCDE0065498A /* HomeViewModel.swift */,
				CC7A34EA046A2E8A8C85F364 /* HomeDataSource.swift */,
				CC7A30722D91C51F4BA8F42F /* HomeItem.swift */,
				CC7A3A89F151762633EA30FA /* HomeSection.swift */,
			);
			path = Home;
			sourceTree = "<group>";
		};
/* End PBXGroup section */

/* Begin PBXNativeTarget section */
		BB4E0E5828197E7500DD56B7 /* SpotifyUIClone */ = {
			isa = PBXNativeTarget;
			buildConfigurationList = BB4E0E6D28197E7700DD56B7 /* Build configuration list for PBXNativeTarget "SpotifyUIClone" */;
			buildPhases = (
				BB4E0E5528197E7500DD56B7 /* Sources */,
				BB4E0E5628197E7500DD56B7 /* Frameworks */,
				BB4E0E5728197E7500DD56B7 /* Resources */,
			);
			buildRules = (
			);
			dependencies = (
			);
			name = SpotifyUIClone;
			packageProductDependencies = (
				BBC56978281EFB4D007D1A0D /* RxBlocking */,
				BBC5697A281EFB4D007D1A0D /* RxCocoa */,
				BBC5697C281EFB4D007D1A0D /* RxRelay */,
				BBC5697E281EFB4D007D1A0D /* RxSwift */,
				BBBD7E0D283FC2870065498A /* Differentiator */,
				BBBD7E0F283FC2870065498A /* RxDataSources */,
				BBCEDCCC2842216D00B368A0 /* Kingfisher */,
				BB4D720C285D88C7006A43DD /* SnapKit */,
			);
			productName = SpotifyUIClone;
			productReference = BB4E0E5928197E7500DD56B7 /* SpotifyUIClone.app */;
			productType = "com.apple.product-type.application";
		};
/* End PBXNativeTarget section */

/* Begin PBXProject section */
		BB4E0E5128197E7500DD56B7 /* Project object */ = {
			isa = PBXProject;
			attributes = {
				BuildIndependentTargetsInParallel = 1;
				LastSwiftUpdateCheck = 1330;
				LastUpgradeCheck = 1330;
				TargetAttributes = {
					BB4E0E5828197E7500DD56B7 = {
						CreatedOnToolsVersion = 13.3.1;
					};
				};
			};
			buildConfigurationList = BB4E0E5428197E7500DD56B7 /* Build configuration list for PBXProject "SpotifyUIClone" */;
			compatibilityVersion = "Xcode 13.0";
			developmentRegion = en;
			hasScannedForEncodings = 0;
			knownRegions = (
				en,
				Base,
			);
			mainGroup = BB4E0E5028197E7500DD56B7;
			packageReferences = (
				BBC56977281EFB4D007D1A0D /* XCRemoteSwiftPackageReference "RxSwift" */,
				BBBD7E0C283FC2870065498A /* XCRemoteSwiftPackageReference "RxDataSources" */,
				BBCEDCCB2842216D00B368A0 /* XCRemoteSwiftPackageReference "Kingfisher" */,
				BB4D720B285D88C7006A43DD /* XCRemoteSwiftPackageReference "SnapKit" */,
			);
			productRefGroup = BB4E0E5A28197E7500DD56B7 /* Products */;
			projectDirPath = "";
			projectRoot = "";
			targets = (
				BB4E0E5828197E7500DD56B7 /* SpotifyUIClone */,
			);
		};
/* End PBXProject section */

/* Begin PBXResourcesBuildPhase section */
		BB4E0E5728197E7500DD56B7 /* Resources */ = {
			isa = PBXResourcesBuildPhase;
			buildActionMask = 2147483647;
			files = (
				BBA2F8072842855400473E8E /* HomeItemArtistCollectionViewCell.xib in Resources */,
				BB4E0E772819800700DD56B7 /* AuthenticationViewController.xib in Resources */,
				BBA2F7FF28427E0E00473E8E /* HomeItemSublistTableViewCell.xib in Resources */,
				BB4E0E6928197E7700DD56B7 /* LaunchScreen.storyboard in Resources */,
				BBBD7E15283FC7D10065498A /* HomeHeaderTableViewCell.xib in Resources */,
				BB0F752F281C520F00C2F80C /* gotham-regular.otf in Resources */,
				BB4D721F285E3C81006A43DD /* CategoryCollectionViewCell.xib in Resources */,
				BB0F752E281C520F00C2F80C /* gotham-italic.otf in Resources */,
				BBDD38A72860C84900D18724 /* SearchHeaderTableViewCell.xib in Resources */,
				BB4E0E6628197E7700DD56B7 /* Assets.xcassets in Resources */,
				BBDD38AB2860D1C500D18724 /* SpotifySearchBox.xib in Resources */,
				BBAF7D4A28491E9B00BD55A7 /* HomePlaylistItemCollectionViewCell.xib in Resources */,
				BB4D7218285E32F0006A43DD /* CategoriesTableViewCell.xib in Resources */,
				BB8E9B772827AAF800799943 /* SearchViewController.xib in Resources */,
				BBCEDCCA2841DBAB00B368A0 /* RecentlyListenListTableViewCell.xib in Resources */,
				BB8E9B7B2827AE3100799943 /* LibraryViewController.xib in Resources */,
				BB95F1CE28310A4800BC0A93 /* SpotifyTabBarItem.xib in Resources */,
				BB8E9B6F2827AA2B00799943 /* MainViewController.xib in Resources */,
				BB0F752D281C520F00C2F80C /* gotham-bold.otf in Resources */,
				BB8E9B732827AACE00799943 /* HomeViewController.xib in Resources */,
			);
			runOnlyForDeploymentPostprocessing = 0;
		};
/* End PBXResourcesBuildPhase section */

/* Begin PBXSourcesBuildPhase section */
		BB4E0E5528197E7500DD56B7 /* Sources */ = {
			isa = PBXSourcesBuildPhase;
			buildActionMask = 2147483647;
			files = (
				BBE484DE282BFAD2006FA93D /* BaseViewController.swift in Sources */,
				BB4D721A285E3364006A43DD /* CategoryItemViewModel.swift in Sources */,
				BBBD7E14283FC7D10065498A /* HomeHeaderTableViewCell.swift in Sources */,
				BBE484E0282BFB5F006FA93D /* UIColorExtensions.swift in Sources */,
				BB95F1CC2830FFF800BC0A93 /* NibLoading.swift in Sources */,
				BBCEDCC92841DBAB00B368A0 /* RecentlyListenListTableViewCell.swift in Sources */,
				BB8E9B762827AAF800799943 /* SearchViewController.swift in Sources */,
				BBAF7D4C2849234800BD55A7 /* HomeSublistDataSource.swift in Sources */,
				BBAF7D54284928FC00BD55A7 /* HomeItemType.swift in Sources */,
				BBBD7E17283FCCDE0065498A /* HomeViewModel.swift in Sources */,
				BB4D721E285E3C81006A43DD /* CategoryCollectionViewCell.swift in Sources */,
				BBDD38A2285F2C5B00D18724 /* CategoriesTableViewCellViewModel.swift in Sources */,
				BBDD38A62860C84900D18724 /* SearchHeaderTableViewCell.swift in Sources */,
				BBD134562862A4C4008B19D3 /* SpotifySearchBoxViewModel.swift in Sources */,
				BB8E9B7A2827AE3100799943 /* LibraryViewController.swift in Sources */,
				BB4E0E762819800700DD56B7 /* AuthenticationViewController.swift in Sources */,
				BB0F751F281C4B0000C2F80C /* Font.swift in Sources */,
				BB95F1BD2830D4CE00BC0A93 /* SpotifyTabBar.swift in Sources */,
				BB4D7221285E464C006A43DD /* SearchItem.swift in Sources */,
				BB4E0E7E2819A39600DD56B7 /* Colors.swift in Sources */,
				BB4D7227285EC53F006A43DD /* DynamicHeightCollectionView.swift in Sources */,
				BB4D7211285E2549006A43DD /* SearchViewModel.swift in Sources */,
				BBAF7D4928491E9B00BD55A7 /* HomePlaylistItemCollectionViewCell.swift in Sources */,
				BB0F7515281C3FE500C2F80C /* Uitilities.swift in Sources */,
				BBA2F8062842855400473E8E /* HomeItemArtistCollectionViewCell.swift in Sources */,
				BB4E0E5D28197E7500DD56B7 /* AppDelegate.swift in Sources */,
				BBDDC6C1285CC8AA003B9886 /* BaseHomeItemCollectionViewCell.swift in Sources */,
				BBAF7D522849266E00BD55A7 /* HomeSublistItems.swift in Sources */,
				BB8E9B7E2827B90500799943 /* UINavigationControllerExtensions.swift in Sources */,
				BB95F1C82830FCF500BC0A93 /* SpotifyTabBarItem.swift in Sources */,
				BB4D7225285E4783006A43DD /* SearchDataSource.swift in Sources */,
				BB8E9B722827AACE00799943 /* HomeViewController.swift in Sources */,
				BB4E0E7A2819849A00DD56B7 /* SpotifyButton.swift in Sources */,
				BBA2F7FE28427E0E00473E8E /* HomeItemSublistTableViewCell.swift in Sources */,
				BB4E0E5F28197E7500DD56B7 /* SceneDelegate.swift in Sources */,
				BBDD38A92860D1B600D18724 /* SpotifySearchBox.swift in Sources */,
				BB95F1C22830D75600BC0A93 /* TabItem.swift in Sources */,
				BBAF7D50284923CF00BD55A7 /* HomeSublistSections.swift in Sources */,
				BB4D7217285E32F0006A43DD /* CategoriesTableViewCell.swift in Sources */,
				BB4D7223285E4699006A43DD /* SearchSection.swift in Sources */,
				BB8E9B6E2827AA2B00799943 /* MainViewController.swift in Sources */,
				CC7A38210D97EA7C85B0C8D1 /* HomeDataSource.swift in Sources */,
				BB4D7213285E2679006A43DD /* BaseViewModel.swift in Sources */,
				CC7A3E1D36537381B30D1366 /* HomeItem.swift in Sources */,
				CC7A35CFA50EDCC3E0C75EEA /* HomeSection.swift in Sources */,
				BBA2F802284280BC00473E8E /* HomeItemUiModel.swift in Sources */,
			);
			runOnlyForDeploymentPostprocessing = 0;
		};
/* End PBXSourcesBuildPhase section */

/* Begin PBXVariantGroup section */
		BB4E0E6728197E7700DD56B7 /* LaunchScreen.storyboard */ = {
			isa = PBXVariantGroup;
			children = (
				BB4E0E6828197E7700DD56B7 /* Base */,
			);
			name = LaunchScreen.storyboard;
			sourceTree = "<group>";
		};
/* End PBXVariantGroup section */

/* Begin XCBuildConfiguration section */
		BB4E0E6B28197E7700DD56B7 /* Debug */ = {
			isa = XCBuildConfiguration;
			buildSettings = {
				ALWAYS_SEARCH_USER_PATHS = NO;
				CLANG_ANALYZER_NONNULL = YES;
				CLANG_ANALYZER_NUMBER_OBJECT_CONVERSION = YES_AGGRESSIVE;
				CLANG_CXX_LANGUAGE_STANDARD = "gnu++17";
				CLANG_ENABLE_MODULES = YES;
				CLANG_ENABLE_OBJC_ARC = YES;
				CLANG_ENABLE_OBJC_WEAK = YES;
				CLANG_WARN_BLOCK_CAPTURE_AUTORELEASING = YES;
				CLANG_WARN_BOOL_CONVERSION = YES;
				CLANG_WARN_COMMA = YES;
				CLANG_WARN_CONSTANT_CONVERSION = YES;
				CLANG_WARN_DEPRECATED_OBJC_IMPLEMENTATIONS = YES;
				CLANG_WARN_DIRECT_OBJC_ISA_USAGE = YES_ERROR;
				CLANG_WARN_DOCUMENTATION_COMMENTS = YES;
				CLANG_WARN_EMPTY_BODY = YES;
				CLANG_WARN_ENUM_CONVERSION = YES;
				CLANG_WARN_INFINITE_RECURSION = YES;
				CLANG_WARN_INT_CONVERSION = YES;
				CLANG_WARN_NON_LITERAL_NULL_CONVERSION = YES;
				CLANG_WARN_OBJC_IMPLICIT_RETAIN_SELF = YES;
				CLANG_WARN_OBJC_LITERAL_CONVERSION = YES;
				CLANG_WARN_OBJC_ROOT_CLASS = YES_ERROR;
				CLANG_WARN_QUOTED_INCLUDE_IN_FRAMEWORK_HEADER = YES;
				CLANG_WARN_RANGE_LOOP_ANALYSIS = YES;
				CLANG_WARN_STRICT_PROTOTYPES = YES;
				CLANG_WARN_SUSPICIOUS_MOVE = YES;
				CLANG_WARN_UNGUARDED_AVAILABILITY = YES_AGGRESSIVE;
				CLANG_WARN_UNREACHABLE_CODE = YES;
				CLANG_WARN__DUPLICATE_METHOD_MATCH = YES;
				COPY_PHASE_STRIP = NO;
				DEBUG_INFORMATION_FORMAT = dwarf;
				ENABLE_STRICT_OBJC_MSGSEND = YES;
				ENABLE_TESTABILITY = YES;
				GCC_C_LANGUAGE_STANDARD = gnu11;
				GCC_DYNAMIC_NO_PIC = NO;
				GCC_NO_COMMON_BLOCKS = YES;
				GCC_OPTIMIZATION_LEVEL = 0;
				GCC_PREPROCESSOR_DEFINITIONS = (
					"DEBUG=1",
					"$(inherited)",
				);
				GCC_WARN_64_TO_32_BIT_CONVERSION = YES;
				GCC_WARN_ABOUT_RETURN_TYPE = YES_ERROR;
				GCC_WARN_UNDECLARED_SELECTOR = YES;
				GCC_WARN_UNINITIALIZED_AUTOS = YES_AGGRESSIVE;
				GCC_WARN_UNUSED_FUNCTION = YES;
				GCC_WARN_UNUSED_VARIABLE = YES;
				IPHONEOS_DEPLOYMENT_TARGET = 15.4;
				MTL_ENABLE_DEBUG_INFO = INCLUDE_SOURCE;
				MTL_FAST_MATH = YES;
				ONLY_ACTIVE_ARCH = YES;
				SDKROOT = iphoneos;
				SWIFT_ACTIVE_COMPILATION_CONDITIONS = DEBUG;
				SWIFT_OPTIMIZATION_LEVEL = "-Onone";
				SWIFT_VERSION = 5.0;
			};
			name = Debug;
		};
		BB4E0E6C28197E7700DD56B7 /* Release */ = {
			isa = XCBuildConfiguration;
			buildSettings = {
				ALWAYS_SEARCH_USER_PATHS = NO;
				CLANG_ANALYZER_NONNULL = YES;
				CLANG_ANALYZER_NUMBER_OBJECT_CONVERSION = YES_AGGRESSIVE;
				CLANG_CXX_LANGUAGE_STANDARD = "gnu++17";
				CLANG_ENABLE_MODULES = YES;
				CLANG_ENABLE_OBJC_ARC = YES;
				CLANG_ENABLE_OBJC_WEAK = YES;
				CLANG_WARN_BLOCK_CAPTURE_AUTORELEASING = YES;
				CLANG_WARN_BOOL_CONVERSION = YES;
				CLANG_WARN_COMMA = YES;
				CLANG_WARN_CONSTANT_CONVERSION = YES;
				CLANG_WARN_DEPRECATED_OBJC_IMPLEMENTATIONS = YES;
				CLANG_WARN_DIRECT_OBJC_ISA_USAGE = YES_ERROR;
				CLANG_WARN_DOCUMENTATION_COMMENTS = YES;
				CLANG_WARN_EMPTY_BODY = YES;
				CLANG_WARN_ENUM_CONVERSION = YES;
				CLANG_WARN_INFINITE_RECURSION = YES;
				CLANG_WARN_INT_CONVERSION = YES;
				CLANG_WARN_NON_LITERAL_NULL_CONVERSION = YES;
				CLANG_WARN_OBJC_IMPLICIT_RETAIN_SELF = YES;
				CLANG_WARN_OBJC_LITERAL_CONVERSION = YES;
				CLANG_WARN_OBJC_ROOT_CLASS = YES_ERROR;
				CLANG_WARN_QUOTED_INCLUDE_IN_FRAMEWORK_HEADER = YES;
				CLANG_WARN_RANGE_LOOP_ANALYSIS = YES;
				CLANG_WARN_STRICT_PROTOTYPES = YES;
				CLANG_WARN_SUSPICIOUS_MOVE = YES;
				CLANG_WARN_UNGUARDED_AVAILABILITY = YES_AGGRESSIVE;
				CLANG_WARN_UNREACHABLE_CODE = YES;
				CLANG_WARN__DUPLICATE_METHOD_MATCH = YES;
				COPY_PHASE_STRIP = NO;
				DEBUG_INFORMATION_FORMAT = "dwarf-with-dsym";
				ENABLE_NS_ASSERTIONS = NO;
				ENABLE_STRICT_OBJC_MSGSEND = YES;
				GCC_C_LANGUAGE_STANDARD = gnu11;
				GCC_NO_COMMON_BLOCKS = YES;
				GCC_WARN_64_TO_32_BIT_CONVERSION = YES;
				GCC_WARN_ABOUT_RETURN_TYPE = YES_ERROR;
				GCC_WARN_UNDECLARED_SELECTOR = YES;
				GCC_WARN_UNINITIALIZED_AUTOS = YES_AGGRESSIVE;
				GCC_WARN_UNUSED_FUNCTION = YES;
				GCC_WARN_UNUSED_VARIABLE = YES;
				IPHONEOS_DEPLOYMENT_TARGET = 15.4;
				MTL_ENABLE_DEBUG_INFO = NO;
				MTL_FAST_MATH = YES;
				SDKROOT = iphoneos;
				SWIFT_COMPILATION_MODE = wholemodule;
				SWIFT_OPTIMIZATION_LEVEL = "-O";
				SWIFT_VERSION = 5.0;
				VALIDATE_PRODUCT = YES;
			};
			name = Release;
		};
		BB4E0E6E28197E7700DD56B7 /* Debug */ = {
			isa = XCBuildConfiguration;
			buildSettings = {
				ASSETCATALOG_COMPILER_APPICON_NAME = AppIcon;
				ASSETCATALOG_COMPILER_GLOBAL_ACCENT_COLOR_NAME = AccentColor;
				CODE_SIGN_STYLE = Automatic;
				CURRENT_PROJECT_VERSION = 1;
				DEVELOPMENT_TEAM = Q5Q77Z4TJ9;
				GENERATE_INFOPLIST_FILE = YES;
				INFOPLIST_FILE = SpotifyUIClone/Info.plist;
				INFOPLIST_KEY_CFBundleDisplayName = Spotify;
				INFOPLIST_KEY_NSMainNibFile = AuthenticationViewController;
				INFOPLIST_KEY_UIApplicationSupportsIndirectInputEvents = YES;
				INFOPLIST_KEY_UILaunchStoryboardName = LaunchScreen;
				INFOPLIST_KEY_UISupportedInterfaceOrientations = UIInterfaceOrientationPortrait;
				INFOPLIST_KEY_UISupportedInterfaceOrientations_iPad = "UIInterfaceOrientationPortrait UIInterfaceOrientationPortraitUpsideDown UIInterfaceOrientationLandscapeLeft UIInterfaceOrientationLandscapeRight";
				INFOPLIST_KEY_UISupportedInterfaceOrientations_iPhone = "UIInterfaceOrientationPortrait UIInterfaceOrientationLandscapeLeft UIInterfaceOrientationLandscapeRight";
				LD_RUNPATH_SEARCH_PATHS = (
					"$(inherited)",
					"@executable_path/Frameworks",
				);
				MARKETING_VERSION = 1.0;
				PRODUCT_BUNDLE_IDENTIFIER = dev.tsnanh.ios.SpotifyUIClone;
				PRODUCT_NAME = "$(TARGET_NAME)";
				SWIFT_EMIT_LOC_STRINGS = YES;
				SWIFT_VERSION = 5.0;
				TARGETED_DEVICE_FAMILY = "1,2";
			};
			name = Debug;
		};
		BB4E0E6F28197E7700DD56B7 /* Release */ = {
			isa = XCBuildConfiguration;
			buildSettings = {
				ASSETCATALOG_COMPILER_APPICON_NAME = AppIcon;
				ASSETCATALOG_COMPILER_GLOBAL_ACCENT_COLOR_NAME = AccentColor;
				CODE_SIGN_STYLE = Automatic;
				CURRENT_PROJECT_VERSION = 1;
				DEVELOPMENT_TEAM = Q5Q77Z4TJ9;
				GENERATE_INFOPLIST_FILE = YES;
				INFOPLIST_FILE = SpotifyUIClone/Info.plist;
				INFOPLIST_KEY_CFBundleDisplayName = Spotify;
				INFOPLIST_KEY_NSMainNibFile = AuthenticationViewController;
				INFOPLIST_KEY_UIApplicationSupportsIndirectInputEvents = YES;
				INFOPLIST_KEY_UILaunchStoryboardName = LaunchScreen;
				INFOPLIST_KEY_UISupportedInterfaceOrientations = UIInterfaceOrientationPortrait;
				INFOPLIST_KEY_UISupportedInterfaceOrientations_iPad = "UIInterfaceOrientationPortrait UIInterfaceOrientationPortraitUpsideDown UIInterfaceOrientationLandscapeLeft UIInterfaceOrientationLandscapeRight";
				INFOPLIST_KEY_UISupportedInterfaceOrientations_iPhone = "UIInterfaceOrientationPortrait UIInterfaceOrientationLandscapeLeft UIInterfaceOrientationLandscapeRight";
				LD_RUNPATH_SEARCH_PATHS = (
					"$(inherited)",
					"@executable_path/Frameworks",
				);
				MARKETING_VERSION = 1.0;
				PRODUCT_BUNDLE_IDENTIFIER = dev.tsnanh.ios.SpotifyUIClone;
				PRODUCT_NAME = "$(TARGET_NAME)";
				SWIFT_EMIT_LOC_STRINGS = YES;
				SWIFT_VERSION = 5.0;
				TARGETED_DEVICE_FAMILY = "1,2";
			};
			name = Release;
		};
/* End XCBuildConfiguration section */

/* Begin XCConfigurationList section */
		BB4E0E5428197E7500DD56B7 /* Build configuration list for PBXProject "SpotifyUIClone" */ = {
			isa = XCConfigurationList;
			buildConfigurations = (
				BB4E0E6B28197E7700DD56B7 /* Debug */,
				BB4E0E6C28197E7700DD56B7 /* Release */,
			);
			defaultConfigurationIsVisible = 0;
			defaultConfigurationName = Release;
		};
		BB4E0E6D28197E7700DD56B7 /* Build configuration list for PBXNativeTarget "SpotifyUIClone" */ = {
			isa = XCConfigurationList;
			buildConfigurations = (
				BB4E0E6E28197E7700DD56B7 /* Debug */,
				BB4E0E6F28197E7700DD56B7 /* Release */,
			);
			defaultConfigurationIsVisible = 0;
			defaultConfigurationName = Release;
		};
/* End XCConfigurationList section */

/* Begin XCRemoteSwiftPackageReference section */
		BB4D720B285D88C7006A43DD /* XCRemoteSwiftPackageReference "SnapKit" */ = {
			isa = XCRemoteSwiftPackageReference;
			repositoryURL = "https://github.com/SnapKit/SnapKit";
			requirement = {
				kind = upToNextMajorVersion;
				minimumVersion = 5.0.0;
			};
		};
		BBBD7E0C283FC2870065498A /* XCRemoteSwiftPackageReference "RxDataSources" */ = {
			isa = XCRemoteSwiftPackageReference;
			repositoryURL = "https://github.com/RxSwiftCommunity/RxDataSources";
			requirement = {
				kind = upToNextMajorVersion;
				minimumVersion = 5.0.0;
			};
		};
		BBC56977281EFB4D007D1A0D /* XCRemoteSwiftPackageReference "RxSwift" */ = {
			isa = XCRemoteSwiftPackageReference;
			repositoryURL = "https://github.com/ReactiveX/RxSwift";
			requirement = {
				branch = main;
				kind = branch;
			};
		};
		BBCEDCCB2842216D00B368A0 /* XCRemoteSwiftPackageReference "Kingfisher" */ = {
			isa = XCRemoteSwiftPackageReference;
			repositoryURL = "https://github.com/onevcat/Kingfisher";
			requirement = {
				kind = upToNextMajorVersion;
				minimumVersion = 7.0.0;
			};
		};
/* End XCRemoteSwiftPackageReference section */

/* Begin XCSwiftPackageProductDependency section */
		BB4D720C285D88C7006A43DD /* SnapKit */ = {
			isa = XCSwiftPackageProductDependency;
			package = BB4D720B285D88C7006A43DD /* XCRemoteSwiftPackageReference "SnapKit" */;
			productName = SnapKit;
		};
		BBBD7E0D283FC2870065498A /* Differentiator */ = {
			isa = XCSwiftPackageProductDependency;
			package = BBBD7E0C283FC2870065498A /* XCRemoteSwiftPackageReference "RxDataSources" */;
			productName = Differentiator;
		};
		BBBD7E0F283FC2870065498A /* RxDataSources */ = {
			isa = XCSwiftPackageProductDependency;
			package = BBBD7E0C283FC2870065498A /* XCRemoteSwiftPackageReference "RxDataSources" */;
			productName = RxDataSources;
		};
		BBC56978281EFB4D007D1A0D /* RxBlocking */ = {
			isa = XCSwiftPackageProductDependency;
			package = BBC56977281EFB4D007D1A0D /* XCRemoteSwiftPackageReference "RxSwift" */;
			productName = RxBlocking;
		};
		BBC5697A281EFB4D007D1A0D /* RxCocoa */ = {
			isa = XCSwiftPackageProductDependency;
			package = BBC56977281EFB4D007D1A0D /* XCRemoteSwiftPackageReference "RxSwift" */;
			productName = RxCocoa;
		};
		BBC5697C281EFB4D007D1A0D /* RxRelay */ = {
			isa = XCSwiftPackageProductDependency;
			package = BBC56977281EFB4D007D1A0D /* XCRemoteSwiftPackageReference "RxSwift" */;
			productName = RxRelay;
		};
		BBC5697E281EFB4D007D1A0D /* RxSwift */ = {
			isa = XCSwiftPackageProductDependency;
			package = BBC56977281EFB4D007D1A0D /* XCRemoteSwiftPackageReference "RxSwift" */;
			productName = RxSwift;
		};
		BBCEDCCC2842216D00B368A0 /* Kingfisher */ = {
			isa = XCSwiftPackageProductDependency;
			package = BBCEDCCB2842216D00B368A0 /* XCRemoteSwiftPackageReference "Kingfisher" */;
			productName = Kingfisher;
		};
/* End XCSwiftPackageProductDependency section */
	};
	rootObject = BB4E0E5128197E7500DD56B7 /* Project object */;
}
